// !$*UTF8*$!
{
	archiveVersion = 1;
	classes = {
	};
	objectVersion = 55;
	objects = {

/* Begin PBXBuildFile section */
		2041B6D2CA32EDF56FAB5B7F /* Pods_Recipe.framework in Frameworks */ = {isa = PBXBuildFile; fileRef = EA97959A0831DCE25DB3AF54 /* Pods_Recipe.framework */; };
		323C2F23D6784580310ECE67 /* Pods_RecipeTests.framework in Frameworks */ = {isa = PBXBuildFile; fileRef = F7E8A04628A7BAD1F0DA9DA7 /* Pods_RecipeTests.framework */; };
		5A02448F2A529AA300AA418E /* AppDelegate.swift in Sources */ = {isa = PBXBuildFile; fileRef = 5A02448E2A529AA300AA418E /* AppDelegate.swift */; };
		5A0244912A529AA300AA418E /* SceneDelegate.swift in Sources */ = {isa = PBXBuildFile; fileRef = 5A0244902A529AA300AA418E /* SceneDelegate.swift */; };
		5A0244932A529AA300AA418E /* ViewController.swift in Sources */ = {isa = PBXBuildFile; fileRef = 5A0244922A529AA300AA418E /* ViewController.swift */; };
		5A0244992A529AA300AA418E /* Recipe.xcdatamodeld in Sources */ = {isa = PBXBuildFile; fileRef = 5A0244972A529AA300AA418E /* Recipe.xcdatamodeld */; };
		5A02449B2A529AA400AA418E /* Assets.xcassets in Resources */ = {isa = PBXBuildFile; fileRef = 5A02449A2A529AA400AA418E /* Assets.xcassets */; };
		5A02449E2A529AA400AA418E /* LaunchScreen.storyboard in Resources */ = {isa = PBXBuildFile; fileRef = 5A02449C2A529AA400AA418E /* LaunchScreen.storyboard */; };
		5A0244A92A529AA400AA418E /* RecipeTests.swift in Sources */ = {isa = PBXBuildFile; fileRef = 5A0244A82A529AA400AA418E /* RecipeTests.swift */; };
		5A0244B32A529AA400AA418E /* RecipeUITests.swift in Sources */ = {isa = PBXBuildFile; fileRef = 5A0244B22A529AA400AA418E /* RecipeUITests.swift */; };
		5A0244B52A529AA400AA418E /* RecipeUITestsLaunchTests.swift in Sources */ = {isa = PBXBuildFile; fileRef = 5A0244B42A529AA400AA418E /* RecipeUITestsLaunchTests.swift */; };
		5A0244CA2A52A35800AA418E /* UIViewController+util.swift in Sources */ = {isa = PBXBuildFile; fileRef = 5A0244C92A52A35800AA418E /* UIViewController+util.swift */; };
		5A0244CC2A52A36C00AA418E /* Protocols.swift in Sources */ = {isa = PBXBuildFile; fileRef = 5A0244CB2A52A36C00AA418E /* Protocols.swift */; };
		5A0244CE2A52A37500AA418E /* Services.swift in Sources */ = {isa = PBXBuildFile; fileRef = 5A0244CD2A52A37500AA418E /* Services.swift */; };
		5A0244D02A52A58500AA418E /* AppCoordinator.swift in Sources */ = {isa = PBXBuildFile; fileRef = 5A0244CF2A52A58500AA418E /* AppCoordinator.swift */; };
		5A0244D22A52A59000AA418E /* Coordinator.swift in Sources */ = {isa = PBXBuildFile; fileRef = 5A0244D12A52A59000AA418E /* Coordinator.swift */; };
		5A0244D52A52A6DC00AA418E /* SplashViewController.swift in Sources */ = {isa = PBXBuildFile; fileRef = 5A0244D42A52A6DC00AA418E /* SplashViewController.swift */; };
		5A0244D72A52A6F500AA418E /* BaseViewController.swift in Sources */ = {isa = PBXBuildFile; fileRef = 5A0244D62A52A6F500AA418E /* BaseViewController.swift */; };
		5A0244DB2A52A74D00AA418E /* SplashCoordinator.swift in Sources */ = {isa = PBXBuildFile; fileRef = 5A0244DA2A52A74D00AA418E /* SplashCoordinator.swift */; };
		5A0244DE2A52A7B600AA418E /* LoginViewController.swift in Sources */ = {isa = PBXBuildFile; fileRef = 5A0244DD2A52A7B600AA418E /* LoginViewController.swift */; };
		5A0244E02A52A7C900AA418E /* LoginCoordinator.swift in Sources */ = {isa = PBXBuildFile; fileRef = 5A0244DF2A52A7C900AA418E /* LoginCoordinator.swift */; };
		5A0244E22A52A7E200AA418E /* RegisterCoordinator.swift in Sources */ = {isa = PBXBuildFile; fileRef = 5A0244E12A52A7E200AA418E /* RegisterCoordinator.swift */; };
		5A0244E42A52A7F400AA418E /* RegisterFirstViewController.swift in Sources */ = {isa = PBXBuildFile; fileRef = 5A0244E32A52A7F400AA418E /* RegisterFirstViewController.swift */; };
		5A0244E62A52A80000AA418E /* RegisterSecondViewController.swift in Sources */ = {isa = PBXBuildFile; fileRef = 5A0244E52A52A80000AA418E /* RegisterSecondViewController.swift */; };
		5A0244EA2A52A84800AA418E /* TabCoordinator.swift in Sources */ = {isa = PBXBuildFile; fileRef = 5A0244E92A52A84800AA418E /* TabCoordinator.swift */; };
		5A0244EC2A52A85500AA418E /* TabBarStyle.swift in Sources */ = {isa = PBXBuildFile; fileRef = 5A0244EB2A52A85500AA418E /* TabBarStyle.swift */; };
		5A0244F02A52A8A200AA418E /* GoCoordinator.swift in Sources */ = {isa = PBXBuildFile; fileRef = 5A0244EF2A52A8A200AA418E /* GoCoordinator.swift */; };
		5A0244F22A52A8AA00AA418E /* GoViewController.swift in Sources */ = {isa = PBXBuildFile; fileRef = 5A0244F12A52A8AA00AA418E /* GoViewController.swift */; };
		5A43FF6E2A52ABE90048E213 /* HomeViewController.swift in Sources */ = {isa = PBXBuildFile; fileRef = 5A43FF6D2A52ABE90048E213 /* HomeViewController.swift */; };
		5A43FF702A52ABFB0048E213 /* HomeCoordinator.swift in Sources */ = {isa = PBXBuildFile; fileRef = 5A43FF6F2A52ABFB0048E213 /* HomeCoordinator.swift */; };
		5A914ACD2A53FD020020BA71 /* UIBarButtonItem+util.swift in Sources */ = {isa = PBXBuildFile; fileRef = 5A914ACC2A53FD020020BA71 /* UIBarButtonItem+util.swift */; };
		5A914ACF2A53FD430020BA71 /* TitleView.swift in Sources */ = {isa = PBXBuildFile; fileRef = 5A914ACE2A53FD430020BA71 /* TitleView.swift */; };
		5A914AD12A53FD7E0020BA71 /* UIView+util.swift in Sources */ = {isa = PBXBuildFile; fileRef = 5A914AD02A53FD7E0020BA71 /* UIView+util.swift */; };
		5A914AD32A54024A0020BA71 /* Home.swift in Sources */ = {isa = PBXBuildFile; fileRef = 5A914AD22A54024A0020BA71 /* Home.swift */; };
		5A914AD62A5404940020BA71 /* PageSectionFooterView.swift in Sources */ = {isa = PBXBuildFile; fileRef = 5A914AD52A5404940020BA71 /* PageSectionFooterView.swift */; };
		5A914ADA2A5405CC0020BA71 /* RefrigeratorCell.swift in Sources */ = {isa = PBXBuildFile; fileRef = 5A914AD92A5405CC0020BA71 /* RefrigeratorCell.swift */; };
		5A914ADC2A5406550020BA71 /* UICollectionReusableView+util.swift in Sources */ = {isa = PBXBuildFile; fileRef = 5A914ADB2A5406550020BA71 /* UICollectionReusableView+util.swift */; };
		5A914ADE2A5407230020BA71 /* ColdRefrigeratorView.swift in Sources */ = {isa = PBXBuildFile; fileRef = 5A914ADD2A5407230020BA71 /* ColdRefrigeratorView.swift */; };
		5A914AE02A5407410020BA71 /* NormalRefrigeratorView.swift in Sources */ = {isa = PBXBuildFile; fileRef = 5A914ADF2A5407410020BA71 /* NormalRefrigeratorView.swift */; };
		5A914AE32A5410E30020BA71 /* PriceTrendHeader.swift in Sources */ = {isa = PBXBuildFile; fileRef = 5A914AE22A5410E30020BA71 /* PriceTrendHeader.swift */; };
		5A914AE52A5411080020BA71 /* PriceTrendCell.swift in Sources */ = {isa = PBXBuildFile; fileRef = 5A914AE42A5411080020BA71 /* PriceTrendCell.swift */; };
		5A914AEA2A54157E0020BA71 /* DefaultHeader.swift in Sources */ = {isa = PBXBuildFile; fileRef = 5A914AE92A54157E0020BA71 /* DefaultHeader.swift */; };
		5A914AEC2A54159B0020BA71 /* IngredientRecipeCell.swift in Sources */ = {isa = PBXBuildFile; fileRef = 5A914AEB2A54159B0020BA71 /* IngredientRecipeCell.swift */; };
		5A914AEF2A5419C70020BA71 /* IngredientsHandleCell.swift in Sources */ = {isa = PBXBuildFile; fileRef = 5A914AEE2A5419C70020BA71 /* IngredientsHandleCell.swift */; };
		5AB4A5DC2A5502DF0095CD2B /* PresentationController.swift in Sources */ = {isa = PBXBuildFile; fileRef = 5AB4A5DB2A5502DF0095CD2B /* PresentationController.swift */; };
		5AB4A5DE2A55099C0095CD2B /* IngredientRegistrationViewController.swift in Sources */ = {isa = PBXBuildFile; fileRef = 5AB4A5DD2A55099C0095CD2B /* IngredientRegistrationViewController.swift */; };
		5AB4A5E02A552E900095CD2B /* PaddingUITextField.swift in Sources */ = {isa = PBXBuildFile; fileRef = 5AB4A5DF2A552E900095CD2B /* PaddingUITextField.swift */; };
		C14E5ECF67729C2D8562F1C7 /* Pods_Recipe_RecipeUITests.framework in Frameworks */ = {isa = PBXBuildFile; fileRef = 43250A0DA83D570142864CA1 /* Pods_Recipe_RecipeUITests.framework */; };
/* End PBXBuildFile section */

/* Begin PBXContainerItemProxy section */
		5A0244A52A529AA400AA418E /* PBXContainerItemProxy */ = {
			isa = PBXContainerItemProxy;
			containerPortal = 5A0244832A529AA300AA418E /* Project object */;
			proxyType = 1;
			remoteGlobalIDString = 5A02448A2A529AA300AA418E;
			remoteInfo = Recipe;
		};
		5A0244AF2A529AA400AA418E /* PBXContainerItemProxy */ = {
			isa = PBXContainerItemProxy;
			containerPortal = 5A0244832A529AA300AA418E /* Project object */;
			proxyType = 1;
			remoteGlobalIDString = 5A02448A2A529AA300AA418E;
			remoteInfo = Recipe;
		};
/* End PBXContainerItemProxy section */

/* Begin PBXFileReference section */
		1F2FD8D18D32ADE96A905161 /* Pods-Recipe.release.xcconfig */ = {isa = PBXFileReference; includeInIndex = 1; lastKnownFileType = text.xcconfig; name = "Pods-Recipe.release.xcconfig"; path = "Target Support Files/Pods-Recipe/Pods-Recipe.release.xcconfig"; sourceTree = "<group>"; };
		424F2F41243C03197AE3BEC6 /* Pods-RecipeTests.debug.xcconfig */ = {isa = PBXFileReference; includeInIndex = 1; lastKnownFileType = text.xcconfig; name = "Pods-RecipeTests.debug.xcconfig"; path = "Target Support Files/Pods-RecipeTests/Pods-RecipeTests.debug.xcconfig"; sourceTree = "<group>"; };
		43250A0DA83D570142864CA1 /* Pods_Recipe_RecipeUITests.framework */ = {isa = PBXFileReference; explicitFileType = wrapper.framework; includeInIndex = 0; path = Pods_Recipe_RecipeUITests.framework; sourceTree = BUILT_PRODUCTS_DIR; };
		4591FF47733CABFBD552F151 /* Pods-Recipe-RecipeUITests.debug.xcconfig */ = {isa = PBXFileReference; includeInIndex = 1; lastKnownFileType = text.xcconfig; name = "Pods-Recipe-RecipeUITests.debug.xcconfig"; path = "Target Support Files/Pods-Recipe-RecipeUITests/Pods-Recipe-RecipeUITests.debug.xcconfig"; sourceTree = "<group>"; };
		5A02448B2A529AA300AA418E /* Recipe.app */ = {isa = PBXFileReference; explicitFileType = wrapper.application; includeInIndex = 0; path = Recipe.app; sourceTree = BUILT_PRODUCTS_DIR; };
		5A02448E2A529AA300AA418E /* AppDelegate.swift */ = {isa = PBXFileReference; lastKnownFileType = sourcecode.swift; path = AppDelegate.swift; sourceTree = "<group>"; };
		5A0244902A529AA300AA418E /* SceneDelegate.swift */ = {isa = PBXFileReference; lastKnownFileType = sourcecode.swift; path = SceneDelegate.swift; sourceTree = "<group>"; };
		5A0244922A529AA300AA418E /* ViewController.swift */ = {isa = PBXFileReference; lastKnownFileType = sourcecode.swift; path = ViewController.swift; sourceTree = "<group>"; };
		5A0244982A529AA300AA418E /* Recipe.xcdatamodel */ = {isa = PBXFileReference; lastKnownFileType = wrapper.xcdatamodel; path = Recipe.xcdatamodel; sourceTree = "<group>"; };
		5A02449A2A529AA400AA418E /* Assets.xcassets */ = {isa = PBXFileReference; lastKnownFileType = folder.assetcatalog; path = Assets.xcassets; sourceTree = "<group>"; };
		5A02449D2A529AA400AA418E /* Base */ = {isa = PBXFileReference; lastKnownFileType = file.storyboard; name = Base; path = Base.lproj/LaunchScreen.storyboard; sourceTree = "<group>"; };
		5A02449F2A529AA400AA418E /* Info.plist */ = {isa = PBXFileReference; lastKnownFileType = text.plist.xml; path = Info.plist; sourceTree = "<group>"; };
		5A0244A42A529AA400AA418E /* RecipeTests.xctest */ = {isa = PBXFileReference; explicitFileType = wrapper.cfbundle; includeInIndex = 0; path = RecipeTests.xctest; sourceTree = BUILT_PRODUCTS_DIR; };
		5A0244A82A529AA400AA418E /* RecipeTests.swift */ = {isa = PBXFileReference; lastKnownFileType = sourcecode.swift; path = RecipeTests.swift; sourceTree = "<group>"; };
		5A0244AE2A529AA400AA418E /* RecipeUITests.xctest */ = {isa = PBXFileReference; explicitFileType = wrapper.cfbundle; includeInIndex = 0; path = RecipeUITests.xctest; sourceTree = BUILT_PRODUCTS_DIR; };
		5A0244B22A529AA400AA418E /* RecipeUITests.swift */ = {isa = PBXFileReference; lastKnownFileType = sourcecode.swift; path = RecipeUITests.swift; sourceTree = "<group>"; };
		5A0244B42A529AA400AA418E /* RecipeUITestsLaunchTests.swift */ = {isa = PBXFileReference; lastKnownFileType = sourcecode.swift; path = RecipeUITestsLaunchTests.swift; sourceTree = "<group>"; };
		5A0244C92A52A35800AA418E /* UIViewController+util.swift */ = {isa = PBXFileReference; lastKnownFileType = sourcecode.swift; path = "UIViewController+util.swift"; sourceTree = "<group>"; };
		5A0244CB2A52A36C00AA418E /* Protocols.swift */ = {isa = PBXFileReference; lastKnownFileType = sourcecode.swift; path = Protocols.swift; sourceTree = "<group>"; };
		5A0244CD2A52A37500AA418E /* Services.swift */ = {isa = PBXFileReference; lastKnownFileType = sourcecode.swift; path = Services.swift; sourceTree = "<group>"; };
		5A0244CF2A52A58500AA418E /* AppCoordinator.swift */ = {isa = PBXFileReference; lastKnownFileType = sourcecode.swift; path = AppCoordinator.swift; sourceTree = "<group>"; };
		5A0244D12A52A59000AA418E /* Coordinator.swift */ = {isa = PBXFileReference; lastKnownFileType = sourcecode.swift; path = Coordinator.swift; sourceTree = "<group>"; };
		5A0244D42A52A6DC00AA418E /* SplashViewController.swift */ = {isa = PBXFileReference; lastKnownFileType = sourcecode.swift; path = SplashViewController.swift; sourceTree = "<group>"; };
		5A0244D62A52A6F500AA418E /* BaseViewController.swift */ = {isa = PBXFileReference; lastKnownFileType = sourcecode.swift; path = BaseViewController.swift; sourceTree = "<group>"; };
		5A0244DA2A52A74D00AA418E /* SplashCoordinator.swift */ = {isa = PBXFileReference; lastKnownFileType = sourcecode.swift; path = SplashCoordinator.swift; sourceTree = "<group>"; };
		5A0244DD2A52A7B600AA418E /* LoginViewController.swift */ = {isa = PBXFileReference; lastKnownFileType = sourcecode.swift; path = LoginViewController.swift; sourceTree = "<group>"; };
		5A0244DF2A52A7C900AA418E /* LoginCoordinator.swift */ = {isa = PBXFileReference; lastKnownFileType = sourcecode.swift; path = LoginCoordinator.swift; sourceTree = "<group>"; };
		5A0244E12A52A7E200AA418E /* RegisterCoordinator.swift */ = {isa = PBXFileReference; lastKnownFileType = sourcecode.swift; path = RegisterCoordinator.swift; sourceTree = "<group>"; };
		5A0244E32A52A7F400AA418E /* RegisterFirstViewController.swift */ = {isa = PBXFileReference; lastKnownFileType = sourcecode.swift; path = RegisterFirstViewController.swift; sourceTree = "<group>"; };
		5A0244E52A52A80000AA418E /* RegisterSecondViewController.swift */ = {isa = PBXFileReference; lastKnownFileType = sourcecode.swift; path = RegisterSecondViewController.swift; sourceTree = "<group>"; };
		5A0244E92A52A84800AA418E /* TabCoordinator.swift */ = {isa = PBXFileReference; lastKnownFileType = sourcecode.swift; path = TabCoordinator.swift; sourceTree = "<group>"; };
		5A0244EB2A52A85500AA418E /* TabBarStyle.swift */ = {isa = PBXFileReference; lastKnownFileType = sourcecode.swift; path = TabBarStyle.swift; sourceTree = "<group>"; };
		5A0244EF2A52A8A200AA418E /* GoCoordinator.swift */ = {isa = PBXFileReference; lastKnownFileType = sourcecode.swift; path = GoCoordinator.swift; sourceTree = "<group>"; };
		5A0244F12A52A8AA00AA418E /* GoViewController.swift */ = {isa = PBXFileReference; lastKnownFileType = sourcecode.swift; path = GoViewController.swift; sourceTree = "<group>"; };
		5A43FF6D2A52ABE90048E213 /* HomeViewController.swift */ = {isa = PBXFileReference; lastKnownFileType = sourcecode.swift; path = HomeViewController.swift; sourceTree = "<group>"; };
		5A43FF6F2A52ABFB0048E213 /* HomeCoordinator.swift */ = {isa = PBXFileReference; lastKnownFileType = sourcecode.swift; path = HomeCoordinator.swift; sourceTree = "<group>"; };
		5A914ACC2A53FD020020BA71 /* UIBarButtonItem+util.swift */ = {isa = PBXFileReference; lastKnownFileType = sourcecode.swift; path = "UIBarButtonItem+util.swift"; sourceTree = "<group>"; };
		5A914ACE2A53FD430020BA71 /* TitleView.swift */ = {isa = PBXFileReference; lastKnownFileType = sourcecode.swift; path = TitleView.swift; sourceTree = "<group>"; };
		5A914AD02A53FD7E0020BA71 /* UIView+util.swift */ = {isa = PBXFileReference; lastKnownFileType = sourcecode.swift; path = "UIView+util.swift"; sourceTree = "<group>"; };
		5A914AD22A54024A0020BA71 /* Home.swift */ = {isa = PBXFileReference; lastKnownFileType = sourcecode.swift; path = Home.swift; sourceTree = "<group>"; };
		5A914AD52A5404940020BA71 /* PageSectionFooterView.swift */ = {isa = PBXFileReference; lastKnownFileType = sourcecode.swift; path = PageSectionFooterView.swift; sourceTree = "<group>"; };
		5A914AD92A5405CC0020BA71 /* RefrigeratorCell.swift */ = {isa = PBXFileReference; lastKnownFileType = sourcecode.swift; path = RefrigeratorCell.swift; sourceTree = "<group>"; };
		5A914ADB2A5406550020BA71 /* UICollectionReusableView+util.swift */ = {isa = PBXFileReference; lastKnownFileType = sourcecode.swift; path = "UICollectionReusableView+util.swift"; sourceTree = "<group>"; };
		5A914ADD2A5407230020BA71 /* ColdRefrigeratorView.swift */ = {isa = PBXFileReference; lastKnownFileType = sourcecode.swift; path = ColdRefrigeratorView.swift; sourceTree = "<group>"; };
		5A914ADF2A5407410020BA71 /* NormalRefrigeratorView.swift */ = {isa = PBXFileReference; lastKnownFileType = sourcecode.swift; path = NormalRefrigeratorView.swift; sourceTree = "<group>"; };
		5A914AE22A5410E30020BA71 /* PriceTrendHeader.swift */ = {isa = PBXFileReference; lastKnownFileType = sourcecode.swift; path = PriceTrendHeader.swift; sourceTree = "<group>"; };
		5A914AE42A5411080020BA71 /* PriceTrendCell.swift */ = {isa = PBXFileReference; lastKnownFileType = sourcecode.swift; path = PriceTrendCell.swift; sourceTree = "<group>"; };
		5A914AE92A54157E0020BA71 /* DefaultHeader.swift */ = {isa = PBXFileReference; lastKnownFileType = sourcecode.swift; path = DefaultHeader.swift; sourceTree = "<group>"; };
		5A914AEB2A54159B0020BA71 /* IngredientRecipeCell.swift */ = {isa = PBXFileReference; lastKnownFileType = sourcecode.swift; path = IngredientRecipeCell.swift; sourceTree = "<group>"; };
		5A914AEE2A5419C70020BA71 /* IngredientsHandleCell.swift */ = {isa = PBXFileReference; lastKnownFileType = sourcecode.swift; path = IngredientsHandleCell.swift; sourceTree = "<group>"; };
		5AB4A5DB2A5502DF0095CD2B /* PresentationController.swift */ = {isa = PBXFileReference; lastKnownFileType = sourcecode.swift; path = PresentationController.swift; sourceTree = "<group>"; };
		5AB4A5DD2A55099C0095CD2B /* IngredientRegistrationViewController.swift */ = {isa = PBXFileReference; lastKnownFileType = sourcecode.swift; path = IngredientRegistrationViewController.swift; sourceTree = "<group>"; };
		5AB4A5DF2A552E900095CD2B /* PaddingUITextField.swift */ = {isa = PBXFileReference; lastKnownFileType = sourcecode.swift; path = PaddingUITextField.swift; sourceTree = "<group>"; };
		A8CE900025B9359CF850D014 /* Pods-Recipe-RecipeUITests.release.xcconfig */ = {isa = PBXFileReference; includeInIndex = 1; lastKnownFileType = text.xcconfig; name = "Pods-Recipe-RecipeUITests.release.xcconfig"; path = "Target Support Files/Pods-Recipe-RecipeUITests/Pods-Recipe-RecipeUITests.release.xcconfig"; sourceTree = "<group>"; };
		B4563E7FE258A2DCD5F58EC8 /* Pods-Recipe.debug.xcconfig */ = {isa = PBXFileReference; includeInIndex = 1; lastKnownFileType = text.xcconfig; name = "Pods-Recipe.debug.xcconfig"; path = "Target Support Files/Pods-Recipe/Pods-Recipe.debug.xcconfig"; sourceTree = "<group>"; };
		DF24270AD89DC117D4A60AF1 /* Pods-RecipeTests.release.xcconfig */ = {isa = PBXFileReference; includeInIndex = 1; lastKnownFileType = text.xcconfig; name = "Pods-RecipeTests.release.xcconfig"; path = "Target Support Files/Pods-RecipeTests/Pods-RecipeTests.release.xcconfig"; sourceTree = "<group>"; };
		EA97959A0831DCE25DB3AF54 /* Pods_Recipe.framework */ = {isa = PBXFileReference; explicitFileType = wrapper.framework; includeInIndex = 0; path = Pods_Recipe.framework; sourceTree = BUILT_PRODUCTS_DIR; };
		F7E8A04628A7BAD1F0DA9DA7 /* Pods_RecipeTests.framework */ = {isa = PBXFileReference; explicitFileType = wrapper.framework; includeInIndex = 0; path = Pods_RecipeTests.framework; sourceTree = BUILT_PRODUCTS_DIR; };
/* End PBXFileReference section */

/* Begin PBXFrameworksBuildPhase section */
		5A0244882A529AA300AA418E /* Frameworks */ = {
			isa = PBXFrameworksBuildPhase;
			buildActionMask = 2147483647;
			files = (
				2041B6D2CA32EDF56FAB5B7F /* Pods_Recipe.framework in Frameworks */,
			);
			runOnlyForDeploymentPostprocessing = 0;
		};
		5A0244A12A529AA400AA418E /* Frameworks */ = {
			isa = PBXFrameworksBuildPhase;
			buildActionMask = 2147483647;
			files = (
				323C2F23D6784580310ECE67 /* Pods_RecipeTests.framework in Frameworks */,
			);
			runOnlyForDeploymentPostprocessing = 0;
		};
		5A0244AB2A529AA400AA418E /* Frameworks */ = {
			isa = PBXFrameworksBuildPhase;
			buildActionMask = 2147483647;
			files = (
				C14E5ECF67729C2D8562F1C7 /* Pods_Recipe_RecipeUITests.framework in Frameworks */,
			);
			runOnlyForDeploymentPostprocessing = 0;
		};
/* End PBXFrameworksBuildPhase section */

/* Begin PBXGroup section */
		5A0244822A529AA300AA418E = {
			isa = PBXGroup;
			children = (
				5A02448D2A529AA300AA418E /* Recipe */,
				5A0244A72A529AA400AA418E /* RecipeTests */,
				5A0244B12A529AA400AA418E /* RecipeUITests */,
				5A02448C2A529AA300AA418E /* Products */,
				7464DA38ED5D7F31477A783A /* Pods */,
				BAA2C8E0842747D42829848B /* Frameworks */,
			);
			sourceTree = "<group>";
		};
		5A02448C2A529AA300AA418E /* Products */ = {
			isa = PBXGroup;
			children = (
				5A02448B2A529AA300AA418E /* Recipe.app */,
				5A0244A42A529AA400AA418E /* RecipeTests.xctest */,
				5A0244AE2A529AA400AA418E /* RecipeUITests.xctest */,
			);
			name = Products;
			sourceTree = "<group>";
		};
		5A02448D2A529AA300AA418E /* Recipe */ = {
			isa = PBXGroup;
			children = (
				5A0244C12A52A2A100AA418E /* Application */,
				5A0244C22A52A2B900AA418E /* Extensions */,
				5A0244D82A52A6FF00AA418E /* Common */,
				5A0244C32A52A2CA00AA418E /* Models */,
				5A0244C42A52A2D300AA418E /* Protocols */,
				5A0244C52A52A2E100AA418E /* Resources */,
				5A0244C72A52A32700AA418E /* Scenes */,
				5A0244C82A52A33600AA418E /* Services */,
				5A0244C62A52A30B00AA418E /* Supporting Files */,
			);
			path = Recipe;
			sourceTree = "<group>";
		};
		5A0244A72A529AA400AA418E /* RecipeTests */ = {
			isa = PBXGroup;
			children = (
				5A0244A82A529AA400AA418E /* RecipeTests.swift */,
			);
			path = RecipeTests;
			sourceTree = "<group>";
		};
		5A0244B12A529AA400AA418E /* RecipeUITests */ = {
			isa = PBXGroup;
			children = (
				5A0244B22A529AA400AA418E /* RecipeUITests.swift */,
				5A0244B42A529AA400AA418E /* RecipeUITestsLaunchTests.swift */,
			);
			path = RecipeUITests;
			sourceTree = "<group>";
		};
		5A0244C12A52A2A100AA418E /* Application */ = {
			isa = PBXGroup;
			children = (
				5A02448E2A529AA300AA418E /* AppDelegate.swift */,
				5A0244902A529AA300AA418E /* SceneDelegate.swift */,
				5A0244CF2A52A58500AA418E /* AppCoordinator.swift */,
			);
			path = Application;
			sourceTree = "<group>";
		};
		5A0244C22A52A2B900AA418E /* Extensions */ = {
			isa = PBXGroup;
			children = (
				5A0244C92A52A35800AA418E /* UIViewController+util.swift */,
				5A914ACC2A53FD020020BA71 /* UIBarButtonItem+util.swift */,
				5A914AD02A53FD7E0020BA71 /* UIView+util.swift */,
				5A914ADB2A5406550020BA71 /* UICollectionReusableView+util.swift */,
			);
			path = Extensions;
			sourceTree = "<group>";
		};
		5A0244C32A52A2CA00AA418E /* Models */ = {
			isa = PBXGroup;
			children = (
				5A0244972A529AA300AA418E /* Recipe.xcdatamodeld */,
				5A914AD22A54024A0020BA71 /* Home.swift */,
			);
			path = Models;
			sourceTree = "<group>";
		};
		5A0244C42A52A2D300AA418E /* Protocols */ = {
			isa = PBXGroup;
			children = (
				5A0244CB2A52A36C00AA418E /* Protocols.swift */,
				5A0244D12A52A59000AA418E /* Coordinator.swift */,
			);
			path = Protocols;
			sourceTree = "<group>";
		};
		5A0244C52A52A2E100AA418E /* Resources */ = {
			isa = PBXGroup;
			children = (
				5A02449A2A529AA400AA418E /* Assets.xcassets */,
				5A02449C2A529AA400AA418E /* LaunchScreen.storyboard */,
			);
			path = Resources;
			sourceTree = "<group>";
		};
		5A0244C62A52A30B00AA418E /* Supporting Files */ = {
			isa = PBXGroup;
			children = (
				5A02449F2A529AA400AA418E /* Info.plist */,
			);
			path = "Supporting Files";
			sourceTree = "<group>";
		};
		5A0244C72A52A32700AA418E /* Scenes */ = {
			isa = PBXGroup;
			children = (
				5A0244D32A52A6C200AA418E /* Splash */,
				5A0244D92A52A73D00AA418E /* Login */,
				5A0244DC2A52A7A800AA418E /* Register */,
				5A0244E72A52A83600AA418E /* Main */,
				5A0244922A529AA300AA418E /* ViewController.swift */,
			);
			path = Scenes;
			sourceTree = "<group>";
		};
		5A0244C82A52A33600AA418E /* Services */ = {
			isa = PBXGroup;
			children = (
				5A0244CD2A52A37500AA418E /* Services.swift */,
			);
			path = Services;
			sourceTree = "<group>";
		};
		5A0244D32A52A6C200AA418E /* Splash */ = {
			isa = PBXGroup;
			children = (
				5A0244D42A52A6DC00AA418E /* SplashViewController.swift */,
				5A0244DA2A52A74D00AA418E /* SplashCoordinator.swift */,
			);
			path = Splash;
			sourceTree = "<group>";
		};
		5A0244D82A52A6FF00AA418E /* Common */ = {
			isa = PBXGroup;
			children = (
				5AB4A5DB2A5502DF0095CD2B /* PresentationController.swift */,
				5A0244D62A52A6F500AA418E /* BaseViewController.swift */,
				5AB4A5DF2A552E900095CD2B /* PaddingUITextField.swift */,
			);
			path = Common;
			sourceTree = "<group>";
		};
		5A0244D92A52A73D00AA418E /* Login */ = {
			isa = PBXGroup;
			children = (
				5A0244DD2A52A7B600AA418E /* LoginViewController.swift */,
				5A0244DF2A52A7C900AA418E /* LoginCoordinator.swift */,
			);
			path = Login;
			sourceTree = "<group>";
		};
		5A0244DC2A52A7A800AA418E /* Register */ = {
			isa = PBXGroup;
			children = (
				5A0244E12A52A7E200AA418E /* RegisterCoordinator.swift */,
				5A0244E32A52A7F400AA418E /* RegisterFirstViewController.swift */,
				5A0244E52A52A80000AA418E /* RegisterSecondViewController.swift */,
			);
			path = Register;
			sourceTree = "<group>";
		};
		5A0244E72A52A83600AA418E /* Main */ = {
			isa = PBXGroup;
			children = (
				5A0244E82A52A83E00AA418E /* Tab */,
				5A43FF6C2A52ABCF0048E213 /* Home */,
				5A0244ED2A52A87B00AA418E /* Go */,
			);
			path = Main;
			sourceTree = "<group>";
		};
		5A0244E82A52A83E00AA418E /* Tab */ = {
			isa = PBXGroup;
			children = (
				5A0244E92A52A84800AA418E /* TabCoordinator.swift */,
				5A0244EB2A52A85500AA418E /* TabBarStyle.swift */,
			);
			path = Tab;
			sourceTree = "<group>";
		};
		5A0244ED2A52A87B00AA418E /* Go */ = {
			isa = PBXGroup;
			children = (
				5A0244EF2A52A8A200AA418E /* GoCoordinator.swift */,
				5A0244F12A52A8AA00AA418E /* GoViewController.swift */,
			);
			path = Go;
			sourceTree = "<group>";
		};
		5A43FF6C2A52ABCF0048E213 /* Home */ = {
			isa = PBXGroup;
			children = (
				5A914AD42A5402FC0020BA71 /* Refrigerator */,
				5A914AE12A5410B70020BA71 /* PriceTrend */,
				5A914AE82A5415610020BA71 /* IngredientRecipe */,
				5A914AED2A5419AE0020BA71 /* IngredientHandle */,
				5A43FF6D2A52ABE90048E213 /* HomeViewController.swift */,
				5A43FF6F2A52ABFB0048E213 /* HomeCoordinator.swift */,
				5A914ACE2A53FD430020BA71 /* TitleView.swift */,
				5AB4A5DD2A55099C0095CD2B /* IngredientRegistrationViewController.swift */,
			);
			path = Home;
			sourceTree = "<group>";
		};
		5A914AD42A5402FC0020BA71 /* Refrigerator */ = {
			isa = PBXGroup;
			children = (
				5A914AD52A5404940020BA71 /* PageSectionFooterView.swift */,
				5A914AD92A5405CC0020BA71 /* RefrigeratorCell.swift */,
				5A914ADD2A5407230020BA71 /* ColdRefrigeratorView.swift */,
				5A914ADF2A5407410020BA71 /* NormalRefrigeratorView.swift */,
			);
			path = Refrigerator;
			sourceTree = "<group>";
		};
		5A914AE12A5410B70020BA71 /* PriceTrend */ = {
			isa = PBXGroup;
			children = (
				5A914AE22A5410E30020BA71 /* PriceTrendHeader.swift */,
				5A914AE42A5411080020BA71 /* PriceTrendCell.swift */,
			);
			path = PriceTrend;
			sourceTree = "<group>";
		};
		5A914AE82A5415610020BA71 /* IngredientRecipe */ = {
			isa = PBXGroup;
			children = (
				5A914AE92A54157E0020BA71 /* DefaultHeader.swift */,
				5A914AEB2A54159B0020BA71 /* IngredientRecipeCell.swift */,
			);
			path = IngredientRecipe;
			sourceTree = "<group>";
		};
		5A914AED2A5419AE0020BA71 /* IngredientHandle */ = {
			isa = PBXGroup;
			children = (
				5A914AEE2A5419C70020BA71 /* IngredientsHandleCell.swift */,
			);
			path = IngredientHandle;
			sourceTree = "<group>";
		};
		7464DA38ED5D7F31477A783A /* Pods */ = {
			isa = PBXGroup;
			children = (
				B4563E7FE258A2DCD5F58EC8 /* Pods-Recipe.debug.xcconfig */,
				1F2FD8D18D32ADE96A905161 /* Pods-Recipe.release.xcconfig */,
				4591FF47733CABFBD552F151 /* Pods-Recipe-RecipeUITests.debug.xcconfig */,
				A8CE900025B9359CF850D014 /* Pods-Recipe-RecipeUITests.release.xcconfig */,
				424F2F41243C03197AE3BEC6 /* Pods-RecipeTests.debug.xcconfig */,
				DF24270AD89DC117D4A60AF1 /* Pods-RecipeTests.release.xcconfig */,
			);
			path = Pods;
			sourceTree = "<group>";
		};
		BAA2C8E0842747D42829848B /* Frameworks */ = {
			isa = PBXGroup;
			children = (
				EA97959A0831DCE25DB3AF54 /* Pods_Recipe.framework */,
				43250A0DA83D570142864CA1 /* Pods_Recipe_RecipeUITests.framework */,
				F7E8A04628A7BAD1F0DA9DA7 /* Pods_RecipeTests.framework */,
			);
			name = Frameworks;
			sourceTree = "<group>";
		};
/* End PBXGroup section */

/* Begin PBXNativeTarget section */
		5A02448A2A529AA300AA418E /* Recipe */ = {
			isa = PBXNativeTarget;
			buildConfigurationList = 5A0244B82A529AA400AA418E /* Build configuration list for PBXNativeTarget "Recipe" */;
			buildPhases = (
				A3B438FBDB50D7CFD6E371F2 /* [CP] Check Pods Manifest.lock */,
				5A0244872A529AA300AA418E /* Sources */,
				5A0244882A529AA300AA418E /* Frameworks */,
				5A0244892A529AA300AA418E /* Resources */,
				B02DCFB425EA72A21816006D /* [CP] Embed Pods Frameworks */,
			);
			buildRules = (
			);
			dependencies = (
			);
			name = Recipe;
			productName = Recipe;
			productReference = 5A02448B2A529AA300AA418E /* Recipe.app */;
			productType = "com.apple.product-type.application";
		};
		5A0244A32A529AA400AA418E /* RecipeTests */ = {
			isa = PBXNativeTarget;
			buildConfigurationList = 5A0244BB2A529AA400AA418E /* Build configuration list for PBXNativeTarget "RecipeTests" */;
			buildPhases = (
				C665BED8A76E226E896F785F /* [CP] Check Pods Manifest.lock */,
				5A0244A02A529AA400AA418E /* Sources */,
				5A0244A12A529AA400AA418E /* Frameworks */,
				5A0244A22A529AA400AA418E /* Resources */,
			);
			buildRules = (
			);
			dependencies = (
				5A0244A62A529AA400AA418E /* PBXTargetDependency */,
			);
			name = RecipeTests;
			productName = RecipeTests;
			productReference = 5A0244A42A529AA400AA418E /* RecipeTests.xctest */;
			productType = "com.apple.product-type.bundle.unit-test";
		};
		5A0244AD2A529AA400AA418E /* RecipeUITests */ = {
			isa = PBXNativeTarget;
			buildConfigurationList = 5A0244BE2A529AA400AA418E /* Build configuration list for PBXNativeTarget "RecipeUITests" */;
			buildPhases = (
				3E4A176B8B885D6B74135E73 /* [CP] Check Pods Manifest.lock */,
				5A0244AA2A529AA400AA418E /* Sources */,
				5A0244AB2A529AA400AA418E /* Frameworks */,
				5A0244AC2A529AA400AA418E /* Resources */,
				3F965209D3DA78743D566E7F /* [CP] Embed Pods Frameworks */,
			);
			buildRules = (
			);
			dependencies = (
				5A0244B02A529AA400AA418E /* PBXTargetDependency */,
			);
			name = RecipeUITests;
			productName = RecipeUITests;
			productReference = 5A0244AE2A529AA400AA418E /* RecipeUITests.xctest */;
			productType = "com.apple.product-type.bundle.ui-testing";
		};
/* End PBXNativeTarget section */

/* Begin PBXProject section */
		5A0244832A529AA300AA418E /* Project object */ = {
			isa = PBXProject;
			attributes = {
				BuildIndependentTargetsInParallel = 1;
				LastSwiftUpdateCheck = 1430;
				LastUpgradeCheck = 1430;
				TargetAttributes = {
					5A02448A2A529AA300AA418E = {
						CreatedOnToolsVersion = 14.3;
					};
					5A0244A32A529AA400AA418E = {
						CreatedOnToolsVersion = 14.3;
						TestTargetID = 5A02448A2A529AA300AA418E;
					};
					5A0244AD2A529AA400AA418E = {
						CreatedOnToolsVersion = 14.3;
						TestTargetID = 5A02448A2A529AA300AA418E;
					};
				};
			};
			buildConfigurationList = 5A0244862A529AA300AA418E /* Build configuration list for PBXProject "Recipe" */;
			compatibilityVersion = "Xcode 13.0";
			developmentRegion = en;
			hasScannedForEncodings = 0;
			knownRegions = (
				en,
				Base,
			);
			mainGroup = 5A0244822A529AA300AA418E;
			productRefGroup = 5A02448C2A529AA300AA418E /* Products */;
			projectDirPath = "";
			projectRoot = "";
			targets = (
				5A02448A2A529AA300AA418E /* Recipe */,
				5A0244A32A529AA400AA418E /* RecipeTests */,
				5A0244AD2A529AA400AA418E /* RecipeUITests */,
			);
		};
/* End PBXProject section */

/* Begin PBXResourcesBuildPhase section */
		5A0244892A529AA300AA418E /* Resources */ = {
			isa = PBXResourcesBuildPhase;
			buildActionMask = 2147483647;
			files = (
				5A02449E2A529AA400AA418E /* LaunchScreen.storyboard in Resources */,
				5A02449B2A529AA400AA418E /* Assets.xcassets in Resources */,
			);
			runOnlyForDeploymentPostprocessing = 0;
		};
		5A0244A22A529AA400AA418E /* Resources */ = {
			isa = PBXResourcesBuildPhase;
			buildActionMask = 2147483647;
			files = (
			);
			runOnlyForDeploymentPostprocessing = 0;
		};
		5A0244AC2A529AA400AA418E /* Resources */ = {
			isa = PBXResourcesBuildPhase;
			buildActionMask = 2147483647;
			files = (
			);
			runOnlyForDeploymentPostprocessing = 0;
		};
/* End PBXResourcesBuildPhase section */

/* Begin PBXShellScriptBuildPhase section */
		3E4A176B8B885D6B74135E73 /* [CP] Check Pods Manifest.lock */ = {
			isa = PBXShellScriptBuildPhase;
			buildActionMask = 2147483647;
			files = (
			);
			inputFileListPaths = (
			);
			inputPaths = (
				"${PODS_PODFILE_DIR_PATH}/Podfile.lock",
				"${PODS_ROOT}/Manifest.lock",
			);
			name = "[CP] Check Pods Manifest.lock";
			outputFileListPaths = (
			);
			outputPaths = (
				"$(DERIVED_FILE_DIR)/Pods-Recipe-RecipeUITests-checkManifestLockResult.txt",
			);
			runOnlyForDeploymentPostprocessing = 0;
			shellPath = /bin/sh;
			shellScript = "diff \"${PODS_PODFILE_DIR_PATH}/Podfile.lock\" \"${PODS_ROOT}/Manifest.lock\" > /dev/null\nif [ $? != 0 ] ; then\n    # print error to STDERR\n    echo \"error: The sandbox is not in sync with the Podfile.lock. Run 'pod install' or update your CocoaPods installation.\" >&2\n    exit 1\nfi\n# This output is used by Xcode 'outputs' to avoid re-running this script phase.\necho \"SUCCESS\" > \"${SCRIPT_OUTPUT_FILE_0}\"\n";
			showEnvVarsInLog = 0;
		};
		3F965209D3DA78743D566E7F /* [CP] Embed Pods Frameworks */ = {
			isa = PBXShellScriptBuildPhase;
			buildActionMask = 2147483647;
			files = (
			);
			inputFileListPaths = (
				"${PODS_ROOT}/Target Support Files/Pods-Recipe-RecipeUITests/Pods-Recipe-RecipeUITests-frameworks-${CONFIGURATION}-input-files.xcfilelist",
			);
			name = "[CP] Embed Pods Frameworks";
			outputFileListPaths = (
				"${PODS_ROOT}/Target Support Files/Pods-Recipe-RecipeUITests/Pods-Recipe-RecipeUITests-frameworks-${CONFIGURATION}-output-files.xcfilelist",
			);
			runOnlyForDeploymentPostprocessing = 0;
			shellPath = /bin/sh;
			shellScript = "\"${PODS_ROOT}/Target Support Files/Pods-Recipe-RecipeUITests/Pods-Recipe-RecipeUITests-frameworks.sh\"\n";
			showEnvVarsInLog = 0;
		};
		A3B438FBDB50D7CFD6E371F2 /* [CP] Check Pods Manifest.lock */ = {
			isa = PBXShellScriptBuildPhase;
			buildActionMask = 2147483647;
			files = (
			);
			inputFileListPaths = (
			);
			inputPaths = (
				"${PODS_PODFILE_DIR_PATH}/Podfile.lock",
				"${PODS_ROOT}/Manifest.lock",
			);
			name = "[CP] Check Pods Manifest.lock";
			outputFileListPaths = (
			);
			outputPaths = (
				"$(DERIVED_FILE_DIR)/Pods-Recipe-checkManifestLockResult.txt",
			);
			runOnlyForDeploymentPostprocessing = 0;
			shellPath = /bin/sh;
			shellScript = "diff \"${PODS_PODFILE_DIR_PATH}/Podfile.lock\" \"${PODS_ROOT}/Manifest.lock\" > /dev/null\nif [ $? != 0 ] ; then\n    # print error to STDERR\n    echo \"error: The sandbox is not in sync with the Podfile.lock. Run 'pod install' or update your CocoaPods installation.\" >&2\n    exit 1\nfi\n# This output is used by Xcode 'outputs' to avoid re-running this script phase.\necho \"SUCCESS\" > \"${SCRIPT_OUTPUT_FILE_0}\"\n";
			showEnvVarsInLog = 0;
		};
		B02DCFB425EA72A21816006D /* [CP] Embed Pods Frameworks */ = {
			isa = PBXShellScriptBuildPhase;
			buildActionMask = 2147483647;
			files = (
			);
			inputFileListPaths = (
				"${PODS_ROOT}/Target Support Files/Pods-Recipe/Pods-Recipe-frameworks-${CONFIGURATION}-input-files.xcfilelist",
			);
			name = "[CP] Embed Pods Frameworks";
			outputFileListPaths = (
				"${PODS_ROOT}/Target Support Files/Pods-Recipe/Pods-Recipe-frameworks-${CONFIGURATION}-output-files.xcfilelist",
			);
			runOnlyForDeploymentPostprocessing = 0;
			shellPath = /bin/sh;
			shellScript = "\"${PODS_ROOT}/Target Support Files/Pods-Recipe/Pods-Recipe-frameworks.sh\"\n";
			showEnvVarsInLog = 0;
		};
		C665BED8A76E226E896F785F /* [CP] Check Pods Manifest.lock */ = {
			isa = PBXShellScriptBuildPhase;
			buildActionMask = 2147483647;
			files = (
			);
			inputFileListPaths = (
			);
			inputPaths = (
				"${PODS_PODFILE_DIR_PATH}/Podfile.lock",
				"${PODS_ROOT}/Manifest.lock",
			);
			name = "[CP] Check Pods Manifest.lock";
			outputFileListPaths = (
			);
			outputPaths = (
				"$(DERIVED_FILE_DIR)/Pods-RecipeTests-checkManifestLockResult.txt",
			);
			runOnlyForDeploymentPostprocessing = 0;
			shellPath = /bin/sh;
			shellScript = "diff \"${PODS_PODFILE_DIR_PATH}/Podfile.lock\" \"${PODS_ROOT}/Manifest.lock\" > /dev/null\nif [ $? != 0 ] ; then\n    # print error to STDERR\n    echo \"error: The sandbox is not in sync with the Podfile.lock. Run 'pod install' or update your CocoaPods installation.\" >&2\n    exit 1\nfi\n# This output is used by Xcode 'outputs' to avoid re-running this script phase.\necho \"SUCCESS\" > \"${SCRIPT_OUTPUT_FILE_0}\"\n";
			showEnvVarsInLog = 0;
		};
/* End PBXShellScriptBuildPhase section */

/* Begin PBXSourcesBuildPhase section */
		5A0244872A529AA300AA418E /* Sources */ = {
			isa = PBXSourcesBuildPhase;
			buildActionMask = 2147483647;
			files = (
				5A0244E62A52A80000AA418E /* RegisterSecondViewController.swift in Sources */,
				5AB4A5E02A552E900095CD2B /* PaddingUITextField.swift in Sources */,
				5A0244932A529AA300AA418E /* ViewController.swift in Sources */,
				5A02448F2A529AA300AA418E /* AppDelegate.swift in Sources */,
				5A914ADA2A5405CC0020BA71 /* RefrigeratorCell.swift in Sources */,
				5A0244E02A52A7C900AA418E /* LoginCoordinator.swift in Sources */,
				5A914AEF2A5419C70020BA71 /* IngredientsHandleCell.swift in Sources */,
				5A0244D72A52A6F500AA418E /* BaseViewController.swift in Sources */,
				5A0244912A529AA300AA418E /* SceneDelegate.swift in Sources */,
				5A914AD62A5404940020BA71 /* PageSectionFooterView.swift in Sources */,
				5A0244F22A52A8AA00AA418E /* GoViewController.swift in Sources */,
				5A43FF6E2A52ABE90048E213 /* HomeViewController.swift in Sources */,
				5A914AE32A5410E30020BA71 /* PriceTrendHeader.swift in Sources */,
				5A914AD12A53FD7E0020BA71 /* UIView+util.swift in Sources */,
				5A0244CE2A52A37500AA418E /* Services.swift in Sources */,
				5A0244D02A52A58500AA418E /* AppCoordinator.swift in Sources */,
				5A914AE52A5411080020BA71 /* PriceTrendCell.swift in Sources */,
				5A914ADC2A5406550020BA71 /* UICollectionReusableView+util.swift in Sources */,
				5A0244CC2A52A36C00AA418E /* Protocols.swift in Sources */,
				5A0244EC2A52A85500AA418E /* TabBarStyle.swift in Sources */,
				5A914ACD2A53FD020020BA71 /* UIBarButtonItem+util.swift in Sources */,
				5A0244E42A52A7F400AA418E /* RegisterFirstViewController.swift in Sources */,
				5A914ACF2A53FD430020BA71 /* TitleView.swift in Sources */,
				5A0244EA2A52A84800AA418E /* TabCoordinator.swift in Sources */,
				5AB4A5DC2A5502DF0095CD2B /* PresentationController.swift in Sources */,
				5A914AE02A5407410020BA71 /* NormalRefrigeratorView.swift in Sources */,
				5A0244F02A52A8A200AA418E /* GoCoordinator.swift in Sources */,
				5A0244CA2A52A35800AA418E /* UIViewController+util.swift in Sources */,
				5A43FF702A52ABFB0048E213 /* HomeCoordinator.swift in Sources */,
				5A0244992A529AA300AA418E /* Recipe.xcdatamodeld in Sources */,
				5A914AEC2A54159B0020BA71 /* IngredientRecipeCell.swift in Sources */,
				5A0244DB2A52A74D00AA418E /* SplashCoordinator.swift in Sources */,
				5A914AD32A54024A0020BA71 /* Home.swift in Sources */,
				5A0244D22A52A59000AA418E /* Coordinator.swift in Sources */,
				5A0244DE2A52A7B600AA418E /* LoginViewController.swift in Sources */,
				5A914AEA2A54157E0020BA71 /* DefaultHeader.swift in Sources */,
				5A0244D52A52A6DC00AA418E /* SplashViewController.swift in Sources */,
				5A914ADE2A5407230020BA71 /* ColdRefrigeratorView.swift in Sources */,
				5AB4A5DE2A55099C0095CD2B /* IngredientRegistrationViewController.swift in Sources */,
				5A0244E22A52A7E200AA418E /* RegisterCoordinator.swift in Sources */,
			);
			runOnlyForDeploymentPostprocessing = 0;
		};
		5A0244A02A529AA400AA418E /* Sources */ = {
			isa = PBXSourcesBuildPhase;
			buildActionMask = 2147483647;
			files = (
				5A0244A92A529AA400AA418E /* RecipeTests.swift in Sources */,
			);
			runOnlyForDeploymentPostprocessing = 0;
		};
		5A0244AA2A529AA400AA418E /* Sources */ = {
			isa = PBXSourcesBuildPhase;
			buildActionMask = 2147483647;
			files = (
				5A0244B52A529AA400AA418E /* RecipeUITestsLaunchTests.swift in Sources */,
				5A0244B32A529AA400AA418E /* RecipeUITests.swift in Sources */,
			);
			runOnlyForDeploymentPostprocessing = 0;
		};
/* End PBXSourcesBuildPhase section */

/* Begin PBXTargetDependency section */
		5A0244A62A529AA400AA418E /* PBXTargetDependency */ = {
			isa = PBXTargetDependency;
			target = 5A02448A2A529AA300AA418E /* Recipe */;
			targetProxy = 5A0244A52A529AA400AA418E /* PBXContainerItemProxy */;
		};
		5A0244B02A529AA400AA418E /* PBXTargetDependency */ = {
			isa = PBXTargetDependency;
			target = 5A02448A2A529AA300AA418E /* Recipe */;
			targetProxy = 5A0244AF2A529AA400AA418E /* PBXContainerItemProxy */;
		};
/* End PBXTargetDependency section */

/* Begin PBXVariantGroup section */
		5A02449C2A529AA400AA418E /* LaunchScreen.storyboard */ = {
			isa = PBXVariantGroup;
			children = (
				5A02449D2A529AA400AA418E /* Base */,
			);
			name = LaunchScreen.storyboard;
			sourceTree = "<group>";
		};
/* End PBXVariantGroup section */

/* Begin XCBuildConfiguration section */
		5A0244B62A529AA400AA418E /* Debug */ = {
			isa = XCBuildConfiguration;
			buildSettings = {
				ALWAYS_SEARCH_USER_PATHS = NO;
				CLANG_ANALYZER_NONNULL = YES;
				CLANG_ANALYZER_NUMBER_OBJECT_CONVERSION = YES_AGGRESSIVE;
				CLANG_CXX_LANGUAGE_STANDARD = "gnu++20";
				CLANG_ENABLE_MODULES = YES;
				CLANG_ENABLE_OBJC_ARC = YES;
				CLANG_ENABLE_OBJC_WEAK = YES;
				CLANG_WARN_BLOCK_CAPTURE_AUTORELEASING = YES;
				CLANG_WARN_BOOL_CONVERSION = YES;
				CLANG_WARN_COMMA = YES;
				CLANG_WARN_CONSTANT_CONVERSION = YES;
				CLANG_WARN_DEPRECATED_OBJC_IMPLEMENTATIONS = YES;
				CLANG_WARN_DIRECT_OBJC_ISA_USAGE = YES_ERROR;
				CLANG_WARN_DOCUMENTATION_COMMENTS = YES;
				CLANG_WARN_EMPTY_BODY = YES;
				CLANG_WARN_ENUM_CONVERSION = YES;
				CLANG_WARN_INFINITE_RECURSION = YES;
				CLANG_WARN_INT_CONVERSION = YES;
				CLANG_WARN_NON_LITERAL_NULL_CONVERSION = YES;
				CLANG_WARN_OBJC_IMPLICIT_RETAIN_SELF = YES;
				CLANG_WARN_OBJC_LITERAL_CONVERSION = YES;
				CLANG_WARN_OBJC_ROOT_CLASS = YES_ERROR;
				CLANG_WARN_QUOTED_INCLUDE_IN_FRAMEWORK_HEADER = YES;
				CLANG_WARN_RANGE_LOOP_ANALYSIS = YES;
				CLANG_WARN_STRICT_PROTOTYPES = YES;
				CLANG_WARN_SUSPICIOUS_MOVE = YES;
				CLANG_WARN_UNGUARDED_AVAILABILITY = YES_AGGRESSIVE;
				CLANG_WARN_UNREACHABLE_CODE = YES;
				CLANG_WARN__DUPLICATE_METHOD_MATCH = YES;
				COPY_PHASE_STRIP = NO;
				DEBUG_INFORMATION_FORMAT = dwarf;
				ENABLE_STRICT_OBJC_MSGSEND = YES;
				ENABLE_TESTABILITY = YES;
				GCC_C_LANGUAGE_STANDARD = gnu11;
				GCC_DYNAMIC_NO_PIC = NO;
				GCC_NO_COMMON_BLOCKS = YES;
				GCC_OPTIMIZATION_LEVEL = 0;
				GCC_PREPROCESSOR_DEFINITIONS = (
					"DEBUG=1",
					"$(inherited)",
				);
				GCC_WARN_64_TO_32_BIT_CONVERSION = YES;
				GCC_WARN_ABOUT_RETURN_TYPE = YES_ERROR;
				GCC_WARN_UNDECLARED_SELECTOR = YES;
				GCC_WARN_UNINITIALIZED_AUTOS = YES_AGGRESSIVE;
				GCC_WARN_UNUSED_FUNCTION = YES;
				GCC_WARN_UNUSED_VARIABLE = YES;
				IPHONEOS_DEPLOYMENT_TARGET = 14.0;
				MTL_ENABLE_DEBUG_INFO = INCLUDE_SOURCE;
				MTL_FAST_MATH = YES;
				ONLY_ACTIVE_ARCH = YES;
				SDKROOT = iphoneos;
				SWIFT_ACTIVE_COMPILATION_CONDITIONS = DEBUG;
				SWIFT_OPTIMIZATION_LEVEL = "-Onone";
			};
			name = Debug;
		};
		5A0244B72A529AA400AA418E /* Release */ = {
			isa = XCBuildConfiguration;
			buildSettings = {
				ALWAYS_SEARCH_USER_PATHS = NO;
				CLANG_ANALYZER_NONNULL = YES;
				CLANG_ANALYZER_NUMBER_OBJECT_CONVERSION = YES_AGGRESSIVE;
				CLANG_CXX_LANGUAGE_STANDARD = "gnu++20";
				CLANG_ENABLE_MODULES = YES;
				CLANG_ENABLE_OBJC_ARC = YES;
				CLANG_ENABLE_OBJC_WEAK = YES;
				CLANG_WARN_BLOCK_CAPTURE_AUTORELEASING = YES;
				CLANG_WARN_BOOL_CONVERSION = YES;
				CLANG_WARN_COMMA = YES;
				CLANG_WARN_CONSTANT_CONVERSION = YES;
				CLANG_WARN_DEPRECATED_OBJC_IMPLEMENTATIONS = YES;
				CLANG_WARN_DIRECT_OBJC_ISA_USAGE = YES_ERROR;
				CLANG_WARN_DOCUMENTATION_COMMENTS = YES;
				CLANG_WARN_EMPTY_BODY = YES;
				CLANG_WARN_ENUM_CONVERSION = YES;
				CLANG_WARN_INFINITE_RECURSION = YES;
				CLANG_WARN_INT_CONVERSION = YES;
				CLANG_WARN_NON_LITERAL_NULL_CONVERSION = YES;
				CLANG_WARN_OBJC_IMPLICIT_RETAIN_SELF = YES;
				CLANG_WARN_OBJC_LITERAL_CONVERSION = YES;
				CLANG_WARN_OBJC_ROOT_CLASS = YES_ERROR;
				CLANG_WARN_QUOTED_INCLUDE_IN_FRAMEWORK_HEADER = YES;
				CLANG_WARN_RANGE_LOOP_ANALYSIS = YES;
				CLANG_WARN_STRICT_PROTOTYPES = YES;
				CLANG_WARN_SUSPICIOUS_MOVE = YES;
				CLANG_WARN_UNGUARDED_AVAILABILITY = YES_AGGRESSIVE;
				CLANG_WARN_UNREACHABLE_CODE = YES;
				CLANG_WARN__DUPLICATE_METHOD_MATCH = YES;
				COPY_PHASE_STRIP = NO;
				DEBUG_INFORMATION_FORMAT = "dwarf-with-dsym";
				ENABLE_NS_ASSERTIONS = NO;
				ENABLE_STRICT_OBJC_MSGSEND = YES;
				GCC_C_LANGUAGE_STANDARD = gnu11;
				GCC_NO_COMMON_BLOCKS = YES;
				GCC_WARN_64_TO_32_BIT_CONVERSION = YES;
				GCC_WARN_ABOUT_RETURN_TYPE = YES_ERROR;
				GCC_WARN_UNDECLARED_SELECTOR = YES;
				GCC_WARN_UNINITIALIZED_AUTOS = YES_AGGRESSIVE;
				GCC_WARN_UNUSED_FUNCTION = YES;
				GCC_WARN_UNUSED_VARIABLE = YES;
				IPHONEOS_DEPLOYMENT_TARGET = 14.0;
				MTL_ENABLE_DEBUG_INFO = NO;
				MTL_FAST_MATH = YES;
				SDKROOT = iphoneos;
				SWIFT_COMPILATION_MODE = wholemodule;
				SWIFT_OPTIMIZATION_LEVEL = "-O";
				VALIDATE_PRODUCT = YES;
			};
			name = Release;
		};
		5A0244B92A529AA400AA418E /* Debug */ = {
			isa = XCBuildConfiguration;
			baseConfigurationReference = B4563E7FE258A2DCD5F58EC8 /* Pods-Recipe.debug.xcconfig */;
			buildSettings = {
				ASSETCATALOG_COMPILER_APPICON_NAME = AppIcon;
				ASSETCATALOG_COMPILER_GLOBAL_ACCENT_COLOR_NAME = AccentColor;
				CODE_SIGN_STYLE = Automatic;
				CURRENT_PROJECT_VERSION = 1;
				DEVELOPMENT_TEAM = VM723259SL;
				GENERATE_INFOPLIST_FILE = YES;
				INFOPLIST_FILE = "Recipe/Supporting Files/Info.plist";
				INFOPLIST_KEY_UIApplicationSupportsIndirectInputEvents = YES;
				INFOPLIST_KEY_UILaunchStoryboardName = LaunchScreen;
				INFOPLIST_KEY_UISupportedInterfaceOrientations_iPad = "UIInterfaceOrientationPortrait UIInterfaceOrientationPortraitUpsideDown UIInterfaceOrientationLandscapeLeft UIInterfaceOrientationLandscapeRight";
				INFOPLIST_KEY_UISupportedInterfaceOrientations_iPhone = "UIInterfaceOrientationPortrait UIInterfaceOrientationLandscapeLeft UIInterfaceOrientationLandscapeRight";
				IPHONEOS_DEPLOYMENT_TARGET = 14.0;
				LD_RUNPATH_SEARCH_PATHS = (
					"$(inherited)",
					"@executable_path/Frameworks",
				);
				MARKETING_VERSION = 1.0;
				PRODUCT_BUNDLE_IDENTIFIER = com.recipe.Recipe;
				PRODUCT_NAME = "$(TARGET_NAME)";
				SWIFT_EMIT_LOC_STRINGS = YES;
				SWIFT_VERSION = 5.0;
				TARGETED_DEVICE_FAMILY = "1,2";
			};
			name = Debug;
		};
		5A0244BA2A529AA400AA418E /* Release */ = {
			isa = XCBuildConfiguration;
			baseConfigurationReference = 1F2FD8D18D32ADE96A905161 /* Pods-Recipe.release.xcconfig */;
			buildSettings = {
				ASSETCATALOG_COMPILER_APPICON_NAME = AppIcon;
				ASSETCATALOG_COMPILER_GLOBAL_ACCENT_COLOR_NAME = AccentColor;
				CODE_SIGN_STYLE = Automatic;
				CURRENT_PROJECT_VERSION = 1;
				DEVELOPMENT_TEAM = VM723259SL;
				GENERATE_INFOPLIST_FILE = YES;
				INFOPLIST_FILE = "Recipe/Supporting Files/Info.plist";
				INFOPLIST_KEY_UIApplicationSupportsIndirectInputEvents = YES;
				INFOPLIST_KEY_UILaunchStoryboardName = LaunchScreen;
				INFOPLIST_KEY_UISupportedInterfaceOrientations_iPad = "UIInterfaceOrientationPortrait UIInterfaceOrientationPortraitUpsideDown UIInterfaceOrientationLandscapeLeft UIInterfaceOrientationLandscapeRight";
				INFOPLIST_KEY_UISupportedInterfaceOrientations_iPhone = "UIInterfaceOrientationPortrait UIInterfaceOrientationLandscapeLeft UIInterfaceOrientationLandscapeRight";
				IPHONEOS_DEPLOYMENT_TARGET = 14.0;
				LD_RUNPATH_SEARCH_PATHS = (
					"$(inherited)",
					"@executable_path/Frameworks",
				);
				MARKETING_VERSION = 1.0;
				PRODUCT_BUNDLE_IDENTIFIER = com.recipe.Recipe;
				PRODUCT_NAME = "$(TARGET_NAME)";
				SWIFT_EMIT_LOC_STRINGS = YES;
				SWIFT_VERSION = 5.0;
				TARGETED_DEVICE_FAMILY = "1,2";
			};
			name = Release;
		};
		5A0244BC2A529AA400AA418E /* Debug */ = {
			isa = XCBuildConfiguration;
			baseConfigurationReference = 424F2F41243C03197AE3BEC6 /* Pods-RecipeTests.debug.xcconfig */;
			buildSettings = {
				ALWAYS_EMBED_SWIFT_STANDARD_LIBRARIES = YES;
				BUNDLE_LOADER = "$(TEST_HOST)";
				CODE_SIGN_STYLE = Automatic;
				CURRENT_PROJECT_VERSION = 1;
				DEVELOPMENT_TEAM = VM723259SL;
				GENERATE_INFOPLIST_FILE = YES;
				IPHONEOS_DEPLOYMENT_TARGET = 16.4;
				MARKETING_VERSION = 1.0;
				PRODUCT_BUNDLE_IDENTIFIER = com.recipe.RecipeTests;
				PRODUCT_NAME = "$(TARGET_NAME)";
				SWIFT_EMIT_LOC_STRINGS = NO;
				SWIFT_VERSION = 5.0;
				TARGETED_DEVICE_FAMILY = "1,2";
				TEST_HOST = "$(BUILT_PRODUCTS_DIR)/Recipe.app/$(BUNDLE_EXECUTABLE_FOLDER_PATH)/Recipe";
			};
			name = Debug;
		};
		5A0244BD2A529AA400AA418E /* Release */ = {
			isa = XCBuildConfiguration;
			baseConfigurationReference = DF24270AD89DC117D4A60AF1 /* Pods-RecipeTests.release.xcconfig */;
			buildSettings = {
				ALWAYS_EMBED_SWIFT_STANDARD_LIBRARIES = YES;
				BUNDLE_LOADER = "$(TEST_HOST)";
				CODE_SIGN_STYLE = Automatic;
				CURRENT_PROJECT_VERSION = 1;
				DEVELOPMENT_TEAM = VM723259SL;
				GENERATE_INFOPLIST_FILE = YES;
				IPHONEOS_DEPLOYMENT_TARGET = 16.4;
				MARKETING_VERSION = 1.0;
				PRODUCT_BUNDLE_IDENTIFIER = com.recipe.RecipeTests;
				PRODUCT_NAME = "$(TARGET_NAME)";
				SWIFT_EMIT_LOC_STRINGS = NO;
				SWIFT_VERSION = 5.0;
				TARGETED_DEVICE_FAMILY = "1,2";
				TEST_HOST = "$(BUILT_PRODUCTS_DIR)/Recipe.app/$(BUNDLE_EXECUTABLE_FOLDER_PATH)/Recipe";
			};
			name = Release;
		};
		5A0244BF2A529AA400AA418E /* Debug */ = {
			isa = XCBuildConfiguration;
			baseConfigurationReference = 4591FF47733CABFBD552F151 /* Pods-Recipe-RecipeUITests.debug.xcconfig */;
			buildSettings = {
				ALWAYS_EMBED_SWIFT_STANDARD_LIBRARIES = YES;
				CODE_SIGN_STYLE = Automatic;
				CURRENT_PROJECT_VERSION = 1;
				DEVELOPMENT_TEAM = VM723259SL;
				GENERATE_INFOPLIST_FILE = YES;
				MARKETING_VERSION = 1.0;
				PRODUCT_BUNDLE_IDENTIFIER = com.recipe.RecipeUITests;
				PRODUCT_NAME = "$(TARGET_NAME)";
				SWIFT_EMIT_LOC_STRINGS = NO;
				SWIFT_VERSION = 5.0;
				TARGETED_DEVICE_FAMILY = "1,2";
				TEST_TARGET_NAME = Recipe;
			};
			name = Debug;
		};
		5A0244C02A529AA400AA418E /* Release */ = {
			isa = XCBuildConfiguration;
			baseConfigurationReference = A8CE900025B9359CF850D014 /* Pods-Recipe-RecipeUITests.release.xcconfig */;
			buildSettings = {
				ALWAYS_EMBED_SWIFT_STANDARD_LIBRARIES = YES;
				CODE_SIGN_STYLE = Automatic;
				CURRENT_PROJECT_VERSION = 1;
				DEVELOPMENT_TEAM = VM723259SL;
				GENERATE_INFOPLIST_FILE = YES;
				MARKETING_VERSION = 1.0;
				PRODUCT_BUNDLE_IDENTIFIER = com.recipe.RecipeUITests;
				PRODUCT_NAME = "$(TARGET_NAME)";
				SWIFT_EMIT_LOC_STRINGS = NO;
				SWIFT_VERSION = 5.0;
				TARGETED_DEVICE_FAMILY = "1,2";
				TEST_TARGET_NAME = Recipe;
			};
			name = Release;
		};
/* End XCBuildConfiguration section */

/* Begin XCConfigurationList section */
		5A0244862A529AA300AA418E /* Build configuration list for PBXProject "Recipe" */ = {
			isa = XCConfigurationList;
			buildConfigurations = (
				5A0244B62A529AA400AA418E /* Debug */,
				5A0244B72A529AA400AA418E /* Release */,
			);
			defaultConfigurationIsVisible = 0;
			defaultConfigurationName = Release;
		};
		5A0244B82A529AA400AA418E /* Build configuration list for PBXNativeTarget "Recipe" */ = {
			isa = XCConfigurationList;
			buildConfigurations = (
				5A0244B92A529AA400AA418E /* Debug */,
				5A0244BA2A529AA400AA418E /* Release */,
			);
			defaultConfigurationIsVisible = 0;
			defaultConfigurationName = Release;
		};
		5A0244BB2A529AA400AA418E /* Build configuration list for PBXNativeTarget "RecipeTests" */ = {
			isa = XCConfigurationList;
			buildConfigurations = (
				5A0244BC2A529AA400AA418E /* Debug */,
				5A0244BD2A529AA400AA418E /* Release */,
			);
			defaultConfigurationIsVisible = 0;
			defaultConfigurationName = Release;
		};
		5A0244BE2A529AA400AA418E /* Build configuration list for PBXNativeTarget "RecipeUITests" */ = {
			isa = XCConfigurationList;
			buildConfigurations = (
				5A0244BF2A529AA400AA418E /* Debug */,
				5A0244C02A529AA400AA418E /* Release */,
			);
			defaultConfigurationIsVisible = 0;
			defaultConfigurationName = Release;
		};
/* End XCConfigurationList section */

/* Begin XCVersionGroup section */
		5A0244972A529AA300AA418E /* Recipe.xcdatamodeld */ = {
			isa = XCVersionGroup;
			children = (
				5A0244982A529AA300AA418E /* Recipe.xcdatamodel */,
			);
			currentVersion = 5A0244982A529AA300AA418E /* Recipe.xcdatamodel */;
			path = Recipe.xcdatamodeld;
			sourceTree = "<group>";
			versionGroupType = wrapper.xcdatamodel;
		};
/* End XCVersionGroup section */
	};
	rootObject = 5A0244832A529AA300AA418E /* Project object */;
}
