// !$*UTF8*$!
{
	archiveVersion = 1;
	classes = {
	};
	objectVersion = 55;
	objects = {

/* Begin PBXBuildFile section */
		161494142A7CFD8900395AA4 /* SearchDefaultView.swift in Sources */ = {isa = PBXBuildFile; fileRef = 161494132A7CFD8900395AA4 /* SearchDefaultView.swift */; };
		161494162A7CFDE100395AA4 /* RecentSearchHeader.swift in Sources */ = {isa = PBXBuildFile; fileRef = 161494152A7CFDE100395AA4 /* RecentSearchHeader.swift */; };
		161494182A7CFDF000395AA4 /* RecentSearchTagCell.swift in Sources */ = {isa = PBXBuildFile; fileRef = 161494172A7CFDF000395AA4 /* RecentSearchTagCell.swift */; };
		1614941A2A7CFE1300395AA4 /* PopularHeader.swift in Sources */ = {isa = PBXBuildFile; fileRef = 161494192A7CFE1300395AA4 /* PopularHeader.swift */; };
		1614941C2A7CFE3900395AA4 /* PopularCell.swift in Sources */ = {isa = PBXBuildFile; fileRef = 1614941B2A7CFE3900395AA4 /* PopularCell.swift */; };
		161647962A79590D0055D740 /* ShortFormCell.swift in Sources */ = {isa = PBXBuildFile; fileRef = 161647952A79590D0055D740 /* ShortFormCell.swift */; };
		161EA8542A7A74C100F454F9 /* ShortFormFullScreenViewController.swift in Sources */ = {isa = PBXBuildFile; fileRef = 161EA8532A7A74C100F454F9 /* ShortFormFullScreenViewController.swift */; };
		161EA8562A7A7AD000F454F9 /* ShortFormFullScreenView.swift in Sources */ = {isa = PBXBuildFile; fileRef = 161EA8552A7A7AD000F454F9 /* ShortFormFullScreenView.swift */; };
		161EA8582A7A7E6E00F454F9 /* ShortFormTagCell.swift in Sources */ = {isa = PBXBuildFile; fileRef = 161EA8572A7A7E6E00F454F9 /* ShortFormTagCell.swift */; };
		162DFEB22A6FDF0D00338A18 /* ReviewPhotoViewController.swift in Sources */ = {isa = PBXBuildFile; fileRef = 162DFEB12A6FDF0C00338A18 /* ReviewPhotoViewController.swift */; };
		162DFEB42A6FDFA400338A18 /* PhotoCell.swift in Sources */ = {isa = PBXBuildFile; fileRef = 162DFEB32A6FDFA400338A18 /* PhotoCell.swift */; };
		1636558C2A7CDE2100208813 /* ShortFormSearchCell.swift in Sources */ = {isa = PBXBuildFile; fileRef = 1636558B2A7CDE2100208813 /* ShortFormSearchCell.swift */; };
		1636558E2A7CDE2C00208813 /* ShortFormSearchViewController.swift in Sources */ = {isa = PBXBuildFile; fileRef = 1636558D2A7CDE2C00208813 /* ShortFormSearchViewController.swift */; };
		163655902A7CE2CD00208813 /* UIImage+util.swift in Sources */ = {isa = PBXBuildFile; fileRef = 1636558F2A7CE2CD00208813 /* UIImage+util.swift */; };
		163AFE462A6050D200A8D943 /* CreateRecipeViewController.swift in Sources */ = {isa = PBXBuildFile; fileRef = 163AFE452A6050D200A8D943 /* CreateRecipeViewController.swift */; };
		16900CFA2A6B9ACC00B06D8C /* RecipeDetailViewController.swift in Sources */ = {isa = PBXBuildFile; fileRef = 16900CF92A6B9ACC00B06D8C /* RecipeDetailViewController.swift */; };
		16900CFC2A6BA06900B06D8C /* RecipeDetailInfoCell.swift in Sources */ = {isa = PBXBuildFile; fileRef = 16900CFB2A6BA06900B06D8C /* RecipeDetailInfoCell.swift */; };
		16900CFE2A6BA0D800B06D8C /* Template.swift in Sources */ = {isa = PBXBuildFile; fileRef = 16900CFD2A6BA0D800B06D8C /* Template.swift */; };
		1699577D2A681BB100A1BF1E /* CookStepCell.swift in Sources */ = {isa = PBXBuildFile; fileRef = 1699577C2A681BB100A1BF1E /* CookStepCell.swift */; };
		169968C12A6F54250074DB43 /* SegmentViewController.swift in Sources */ = {isa = PBXBuildFile; fileRef = 169968C02A6F54250074DB43 /* SegmentViewController.swift */; };
		169968C32A6F544F0074DB43 /* UnderlineSegmentedControl.swift in Sources */ = {isa = PBXBuildFile; fileRef = 169968C22A6F544F0074DB43 /* UnderlineSegmentedControl.swift */; };
		169968C52A6F575E0074DB43 /* RecipeDetailReviewHeader.swift in Sources */ = {isa = PBXBuildFile; fileRef = 169968C42A6F575E0074DB43 /* RecipeDetailReviewHeader.swift */; };
		169968C72A6F57960074DB43 /* ReviewHeader.swift in Sources */ = {isa = PBXBuildFile; fileRef = 169968C62A6F57960074DB43 /* ReviewHeader.swift */; };
		169968C92A6F57B50074DB43 /* ReviewCell.swift in Sources */ = {isa = PBXBuildFile; fileRef = 169968C82A6F57B50074DB43 /* ReviewCell.swift */; };
		169968CB2A6F84B30074DB43 /* RecipeReviewController.swift in Sources */ = {isa = PBXBuildFile; fileRef = 169968CA2A6F84B30074DB43 /* RecipeReviewController.swift */; };
		169FE66E2A78A22E00593041 /* UITabBarController+util.swift in Sources */ = {isa = PBXBuildFile; fileRef = 169FE66D2A78A22E00593041 /* UITabBarController+util.swift */; };
		169FE6712A78A45D00593041 /* ShortFormCoordinator.swift in Sources */ = {isa = PBXBuildFile; fileRef = 169FE6702A78A45D00593041 /* ShortFormCoordinator.swift */; };
		169FE6732A78A50300593041 /* ShortFormViewController.swift in Sources */ = {isa = PBXBuildFile; fileRef = 169FE6722A78A50300593041 /* ShortFormViewController.swift */; };
		16C19E442A6A1DC6007F5F0C /* CookStepCountCell.swift in Sources */ = {isa = PBXBuildFile; fileRef = 16C19E432A6A1DC6007F5F0C /* CookStepCountCell.swift */; };
		16C19E462A6A30E5007F5F0C /* CookStepFooterView.swift in Sources */ = {isa = PBXBuildFile; fileRef = 16C19E452A6A30E5007F5F0C /* CookStepFooterView.swift */; };
		16C19E482A6A33F9007F5F0C /* CookStepHeaderView.swift in Sources */ = {isa = PBXBuildFile; fileRef = 16C19E472A6A33F9007F5F0C /* CookStepHeaderView.swift */; };
		16C5FFB02A72BDEF00EA599F /* CommentTestViewController.swift in Sources */ = {isa = PBXBuildFile; fileRef = 16C5FFAF2A72BDEF00EA599F /* CommentTestViewController.swift */; };
		16C5FFB22A72BE0500EA599F /* CommentTestViewModel.swift in Sources */ = {isa = PBXBuildFile; fileRef = 16C5FFB12A72BE0500EA599F /* CommentTestViewModel.swift */; };
		16C5FFB42A72BE1300EA599F /* CommentTestHeaderView.swift in Sources */ = {isa = PBXBuildFile; fileRef = 16C5FFB32A72BE1300EA599F /* CommentTestHeaderView.swift */; };
		16C5FFB62A72BE1F00EA599F /* CommentTestItemCell.swift in Sources */ = {isa = PBXBuildFile; fileRef = 16C5FFB52A72BE1F00EA599F /* CommentTestItemCell.swift */; };
		16C5FFBA2A72C35600EA599F /* CategoryModel.swift in Sources */ = {isa = PBXBuildFile; fileRef = 16C5FFB92A72C35600EA599F /* CategoryModel.swift */; };
		16C5FFBC2A72C42A00EA599F /* Category.json in Resources */ = {isa = PBXBuildFile; fileRef = 16C5FFBB2A72C42A00EA599F /* Category.json */; };
		16C852BC2A6C016500D67A73 /* RecipeDetailIngredientHeader.swift in Sources */ = {isa = PBXBuildFile; fileRef = 16C852BB2A6C016500D67A73 /* RecipeDetailIngredientHeader.swift */; };
		16C852C02A6C04BA00D67A73 /* IngredientCell.swift in Sources */ = {isa = PBXBuildFile; fileRef = 16C852BF2A6C04BA00D67A73 /* IngredientCell.swift */; };
		16CE3E592A774C4600102F27 /* CommentFooterView.swift in Sources */ = {isa = PBXBuildFile; fileRef = 16CE3E582A774C4600102F27 /* CommentFooterView.swift */; };
		16CE3E5C2A77665600102F27 /* CreateReviewController.swift in Sources */ = {isa = PBXBuildFile; fileRef = 16CE3E5B2A77665600102F27 /* CreateReviewController.swift */; };
		16CE3E5E2A77669900102F27 /* CreateReviewView.swift in Sources */ = {isa = PBXBuildFile; fileRef = 16CE3E5D2A77669900102F27 /* CreateReviewView.swift */; };
		16CE3E602A77796600102F27 /* PhotoReviewCell.swift in Sources */ = {isa = PBXBuildFile; fileRef = 16CE3E5F2A77796600102F27 /* PhotoReviewCell.swift */; };
		16DAB5A72A5E5ACD00CB969D /* UIStackView+util.swift in Sources */ = {isa = PBXBuildFile; fileRef = 16DAB5A62A5E5ACD00CB969D /* UIStackView+util.swift */; };
		16E615B12A6CA639002C1AE9 /* ShopingListCell.swift in Sources */ = {isa = PBXBuildFile; fileRef = 16E615B02A6CA639002C1AE9 /* ShopingListCell.swift */; };
		16E615B32A6CE0C8002C1AE9 /* RecipeDetailDefaultHeaderView.swift in Sources */ = {isa = PBXBuildFile; fileRef = 16E615B22A6CE0C8002C1AE9 /* RecipeDetailDefaultHeaderView.swift */; };
		16E615B52A6CE124002C1AE9 /* LineFooter.swift in Sources */ = {isa = PBXBuildFile; fileRef = 16E615B42A6CE124002C1AE9 /* LineFooter.swift */; };
		16E615B72A6CE18D002C1AE9 /* RecipeDetailStepCell.swift in Sources */ = {isa = PBXBuildFile; fileRef = 16E615B62A6CE18D002C1AE9 /* RecipeDetailStepCell.swift */; };
		16F79A5E2A66ABE400FDF3B6 /* DefaultTextFieldCell.swift in Sources */ = {isa = PBXBuildFile; fileRef = 16F79A5D2A66ABE400FDF3B6 /* DefaultTextFieldCell.swift */; };
		2041B6D2CA32EDF56FAB5B7F /* Pods_Recipe.framework in Frameworks */ = {isa = PBXBuildFile; fileRef = EA97959A0831DCE25DB3AF54 /* Pods_Recipe.framework */; };
		323C2F23D6784580310ECE67 /* Pods_RecipeTests.framework in Frameworks */ = {isa = PBXBuildFile; fileRef = F7E8A04628A7BAD1F0DA9DA7 /* Pods_RecipeTests.framework */; };
		5A02448F2A529AA300AA418E /* AppDelegate.swift in Sources */ = {isa = PBXBuildFile; fileRef = 5A02448E2A529AA300AA418E /* AppDelegate.swift */; };
		5A0244912A529AA300AA418E /* SceneDelegate.swift in Sources */ = {isa = PBXBuildFile; fileRef = 5A0244902A529AA300AA418E /* SceneDelegate.swift */; };
		5A0244932A529AA300AA418E /* ViewController.swift in Sources */ = {isa = PBXBuildFile; fileRef = 5A0244922A529AA300AA418E /* ViewController.swift */; };
		5A0244992A529AA300AA418E /* Recipe.xcdatamodeld in Sources */ = {isa = PBXBuildFile; fileRef = 5A0244972A529AA300AA418E /* Recipe.xcdatamodeld */; };
		5A02449B2A529AA400AA418E /* Assets.xcassets in Resources */ = {isa = PBXBuildFile; fileRef = 5A02449A2A529AA400AA418E /* Assets.xcassets */; };
		5A02449E2A529AA400AA418E /* LaunchScreen.storyboard in Resources */ = {isa = PBXBuildFile; fileRef = 5A02449C2A529AA400AA418E /* LaunchScreen.storyboard */; };
		5A0244A92A529AA400AA418E /* RecipeTests.swift in Sources */ = {isa = PBXBuildFile; fileRef = 5A0244A82A529AA400AA418E /* RecipeTests.swift */; };
		5A0244B32A529AA400AA418E /* RecipeUITests.swift in Sources */ = {isa = PBXBuildFile; fileRef = 5A0244B22A529AA400AA418E /* RecipeUITests.swift */; };
		5A0244B52A529AA400AA418E /* RecipeUITestsLaunchTests.swift in Sources */ = {isa = PBXBuildFile; fileRef = 5A0244B42A529AA400AA418E /* RecipeUITestsLaunchTests.swift */; };
		5A0244CA2A52A35800AA418E /* UIViewController+util.swift in Sources */ = {isa = PBXBuildFile; fileRef = 5A0244C92A52A35800AA418E /* UIViewController+util.swift */; };
		5A0244CC2A52A36C00AA418E /* Protocols.swift in Sources */ = {isa = PBXBuildFile; fileRef = 5A0244CB2A52A36C00AA418E /* Protocols.swift */; };
		5A0244CE2A52A37500AA418E /* Services.swift in Sources */ = {isa = PBXBuildFile; fileRef = 5A0244CD2A52A37500AA418E /* Services.swift */; };
		5A0244D02A52A58500AA418E /* AppCoordinator.swift in Sources */ = {isa = PBXBuildFile; fileRef = 5A0244CF2A52A58500AA418E /* AppCoordinator.swift */; };
		5A0244D22A52A59000AA418E /* Coordinator.swift in Sources */ = {isa = PBXBuildFile; fileRef = 5A0244D12A52A59000AA418E /* Coordinator.swift */; };
		5A0244D52A52A6DC00AA418E /* SplashViewController.swift in Sources */ = {isa = PBXBuildFile; fileRef = 5A0244D42A52A6DC00AA418E /* SplashViewController.swift */; };
		5A0244D72A52A6F500AA418E /* BaseViewController.swift in Sources */ = {isa = PBXBuildFile; fileRef = 5A0244D62A52A6F500AA418E /* BaseViewController.swift */; };
		5A0244DB2A52A74D00AA418E /* SplashCoordinator.swift in Sources */ = {isa = PBXBuildFile; fileRef = 5A0244DA2A52A74D00AA418E /* SplashCoordinator.swift */; };
		5A0244DE2A52A7B600AA418E /* LoginViewController.swift in Sources */ = {isa = PBXBuildFile; fileRef = 5A0244DD2A52A7B600AA418E /* LoginViewController.swift */; };
		5A0244E02A52A7C900AA418E /* LoginCoordinator.swift in Sources */ = {isa = PBXBuildFile; fileRef = 5A0244DF2A52A7C900AA418E /* LoginCoordinator.swift */; };
		5A0244E22A52A7E200AA418E /* RegisterCoordinator.swift in Sources */ = {isa = PBXBuildFile; fileRef = 5A0244E12A52A7E200AA418E /* RegisterCoordinator.swift */; };
		5A0244E42A52A7F400AA418E /* RegisterFirstViewController.swift in Sources */ = {isa = PBXBuildFile; fileRef = 5A0244E32A52A7F400AA418E /* RegisterFirstViewController.swift */; };
		5A0244E62A52A80000AA418E /* RegisterSecondViewController.swift in Sources */ = {isa = PBXBuildFile; fileRef = 5A0244E52A52A80000AA418E /* RegisterSecondViewController.swift */; };
		5A0244EA2A52A84800AA418E /* TabCoordinator.swift in Sources */ = {isa = PBXBuildFile; fileRef = 5A0244E92A52A84800AA418E /* TabCoordinator.swift */; };
		5A0244EC2A52A85500AA418E /* TabBarStyle.swift in Sources */ = {isa = PBXBuildFile; fileRef = 5A0244EB2A52A85500AA418E /* TabBarStyle.swift */; };
		5A0244F02A52A8A200AA418E /* MypageCoordinator.swift in Sources */ = {isa = PBXBuildFile; fileRef = 5A0244EF2A52A8A200AA418E /* MypageCoordinator.swift */; };
		5A0244F22A52A8AA00AA418E /* MypageViewController.swift in Sources */ = {isa = PBXBuildFile; fileRef = 5A0244F12A52A8AA00AA418E /* MypageViewController.swift */; };
		5A0941962A5CEB01005AEECF /* RegisterView.swift in Sources */ = {isa = PBXBuildFile; fileRef = 5A0941952A5CEB01005AEECF /* RegisterView.swift */; };
		5A0941982A5D02B3005AEECF /* RegisterSucessView.swift in Sources */ = {isa = PBXBuildFile; fileRef = 5A0941972A5D02B3005AEECF /* RegisterSucessView.swift */; };
		5A43FF6E2A52ABE90048E213 /* HomeViewController.swift in Sources */ = {isa = PBXBuildFile; fileRef = 5A43FF6D2A52ABE90048E213 /* HomeViewController.swift */; };
		5A43FF702A52ABFB0048E213 /* HomeCoordinator.swift in Sources */ = {isa = PBXBuildFile; fileRef = 5A43FF6F2A52ABFB0048E213 /* HomeCoordinator.swift */; };
		5A4970812A661CD7005725F8 /* LoginService.swift in Sources */ = {isa = PBXBuildFile; fileRef = 5A4970802A661CD7005725F8 /* LoginService.swift */; };
		5A4970832A662DCC005725F8 /* CreateRecipeFooter.swift in Sources */ = {isa = PBXBuildFile; fileRef = 5A4970822A662DCC005725F8 /* CreateRecipeFooter.swift */; };
		5A5B90482A652AC00049E853 /* CreateRecipeView.swift in Sources */ = {isa = PBXBuildFile; fileRef = 5A5B90472A652AC00049E853 /* CreateRecipeView.swift */; };
		5A5B904D2A652E770049E853 /* CreateRecipeHeaderCell.swift in Sources */ = {isa = PBXBuildFile; fileRef = 5A5B904C2A652E770049E853 /* CreateRecipeHeaderCell.swift */; };
		5A5B904F2A6535010049E853 /* TextFieldCell.swift in Sources */ = {isa = PBXBuildFile; fileRef = 5A5B904E2A6535010049E853 /* TextFieldCell.swift */; };
		5A5B90512A653BA60049E853 /* CookSettingCell.swift in Sources */ = {isa = PBXBuildFile; fileRef = 5A5B90502A653BA60049E853 /* CookSettingCell.swift */; };
		5A805C5C2A5D32A900C81D86 /* RecipeView.swift in Sources */ = {isa = PBXBuildFile; fileRef = 5A805C5B2A5D32A900C81D86 /* RecipeView.swift */; };
		5A805C5E2A5D365E00C81D86 /* RecipeCell.swift in Sources */ = {isa = PBXBuildFile; fileRef = 5A805C5D2A5D365E00C81D86 /* RecipeCell.swift */; };
		5A8C2DD12A5F915A006B08A7 /* DefaultCircleButton.swift in Sources */ = {isa = PBXBuildFile; fileRef = 5A8C2DD02A5F915A006B08A7 /* DefaultCircleButton.swift */; };
		5A8C2DD32A5FC4B0006B08A7 /* PopupViewController.swift in Sources */ = {isa = PBXBuildFile; fileRef = 5A8C2DD22A5FC4B0006B08A7 /* PopupViewController.swift */; };
		5A8C2DD52A5FC4B9006B08A7 /* PopupView.swift in Sources */ = {isa = PBXBuildFile; fileRef = 5A8C2DD42A5FC4B9006B08A7 /* PopupView.swift */; };
		5A907DB32A666C8300973935 /* TextViewCell.swift in Sources */ = {isa = PBXBuildFile; fileRef = 5A907DB22A666C8300973935 /* TextViewCell.swift */; };
		5A914ACD2A53FD020020BA71 /* UIBarButtonItem+util.swift in Sources */ = {isa = PBXBuildFile; fileRef = 5A914ACC2A53FD020020BA71 /* UIBarButtonItem+util.swift */; };
		5A914ACF2A53FD430020BA71 /* TitleView.swift in Sources */ = {isa = PBXBuildFile; fileRef = 5A914ACE2A53FD430020BA71 /* TitleView.swift */; };
		5A914AD12A53FD7E0020BA71 /* UIView+util.swift in Sources */ = {isa = PBXBuildFile; fileRef = 5A914AD02A53FD7E0020BA71 /* UIView+util.swift */; };
		5A914AD32A54024A0020BA71 /* Home.swift in Sources */ = {isa = PBXBuildFile; fileRef = 5A914AD22A54024A0020BA71 /* Home.swift */; };
		5A914AD62A5404940020BA71 /* PageSectionFooterView.swift in Sources */ = {isa = PBXBuildFile; fileRef = 5A914AD52A5404940020BA71 /* PageSectionFooterView.swift */; };
		5A914ADA2A5405CC0020BA71 /* RefrigeratorCell.swift in Sources */ = {isa = PBXBuildFile; fileRef = 5A914AD92A5405CC0020BA71 /* RefrigeratorCell.swift */; };
		5A914ADC2A5406550020BA71 /* UICollectionReusableView+util.swift in Sources */ = {isa = PBXBuildFile; fileRef = 5A914ADB2A5406550020BA71 /* UICollectionReusableView+util.swift */; };
		5A914ADE2A5407230020BA71 /* ColdRefrigeratorView.swift in Sources */ = {isa = PBXBuildFile; fileRef = 5A914ADD2A5407230020BA71 /* ColdRefrigeratorView.swift */; };
		5A914AE02A5407410020BA71 /* NormalRefrigeratorView.swift in Sources */ = {isa = PBXBuildFile; fileRef = 5A914ADF2A5407410020BA71 /* NormalRefrigeratorView.swift */; };
		5A914AE32A5410E30020BA71 /* PriceTrendHeader.swift in Sources */ = {isa = PBXBuildFile; fileRef = 5A914AE22A5410E30020BA71 /* PriceTrendHeader.swift */; };
		5A914AE52A5411080020BA71 /* PriceTrendCell.swift in Sources */ = {isa = PBXBuildFile; fileRef = 5A914AE42A5411080020BA71 /* PriceTrendCell.swift */; };
		5A914AEA2A54157E0020BA71 /* DefaultHeader.swift in Sources */ = {isa = PBXBuildFile; fileRef = 5A914AE92A54157E0020BA71 /* DefaultHeader.swift */; };
		5A914AEC2A54159B0020BA71 /* IngredientRecipeCell.swift in Sources */ = {isa = PBXBuildFile; fileRef = 5A914AEB2A54159B0020BA71 /* IngredientRecipeCell.swift */; };
		5A914AEF2A5419C70020BA71 /* IngredientsHandleCell.swift in Sources */ = {isa = PBXBuildFile; fileRef = 5A914AEE2A5419C70020BA71 /* IngredientsHandleCell.swift */; };
		5AAEC5552A5D3BDF00E9877C /* UIButton+util.swift in Sources */ = {isa = PBXBuildFile; fileRef = 5AAEC5542A5D3BDF00E9877C /* UIButton+util.swift */; };
		5AAEC5572A5D439F00E9877C /* RecipeCategoryCell.swift in Sources */ = {isa = PBXBuildFile; fileRef = 5AAEC5562A5D439F00E9877C /* RecipeCategoryCell.swift */; };
		5AAEC5592A5D511300E9877C /* RecipeHeaderCell.swift in Sources */ = {isa = PBXBuildFile; fileRef = 5AAEC5582A5D511300E9877C /* RecipeHeaderCell.swift */; };
		5AAEC55B2A5D595500E9877C /* RecipeDefaultTag.swift in Sources */ = {isa = PBXBuildFile; fileRef = 5AAEC55A2A5D595500E9877C /* RecipeDefaultTag.swift */; };
		5AB4A5DC2A5502DF0095CD2B /* PresentationController.swift in Sources */ = {isa = PBXBuildFile; fileRef = 5AB4A5DB2A5502DF0095CD2B /* PresentationController.swift */; };
		5AB4A5DE2A55099C0095CD2B /* IngredientRegistrationViewController.swift in Sources */ = {isa = PBXBuildFile; fileRef = 5AB4A5DD2A55099C0095CD2B /* IngredientRegistrationViewController.swift */; };
		5AB4A5E02A552E900095CD2B /* PaddingUITextField.swift in Sources */ = {isa = PBXBuildFile; fileRef = 5AB4A5DF2A552E900095CD2B /* PaddingUITextField.swift */; };
		5AB4A5E22A553E7F0095CD2B /* MyCell.swift in Sources */ = {isa = PBXBuildFile; fileRef = 5AB4A5E12A553E7F0095CD2B /* MyCell.swift */; };
		5AB4A5E42A554BDF0095CD2B /* TagCell.swift in Sources */ = {isa = PBXBuildFile; fileRef = 5AB4A5E32A554BDF0095CD2B /* TagCell.swift */; };
		5ACD7BBD2A57DADD00571259 /* CommunityViewController.swift in Sources */ = {isa = PBXBuildFile; fileRef = 5ACD7BBC2A57DADD00571259 /* CommunityViewController.swift */; };
		5ACD7BBF2A57DAEA00571259 /* CommunityCoordinator.swift in Sources */ = {isa = PBXBuildFile; fileRef = 5ACD7BBE2A57DAEA00571259 /* CommunityCoordinator.swift */; };
		5ACD7BC12A57DC4200571259 /* RecipeViewController.swift in Sources */ = {isa = PBXBuildFile; fileRef = 5ACD7BC02A57DC4200571259 /* RecipeViewController.swift */; };
		5ACD7BC32A57DC4C00571259 /* RecipeCoordinator.swift in Sources */ = {isa = PBXBuildFile; fileRef = 5ACD7BC22A57DC4C00571259 /* RecipeCoordinator.swift */; };
		5AF00F642A56725A00587BF9 /* PriceTrendDetailViewController.swift in Sources */ = {isa = PBXBuildFile; fileRef = 5AF00F632A56725A00587BF9 /* PriceTrendDetailViewController.swift */; };
		5AF00F672A56762A00587BF9 /* PriceTrendDetailCell.swift in Sources */ = {isa = PBXBuildFile; fileRef = 5AF00F662A56762A00587BF9 /* PriceTrendDetailCell.swift */; };
		5AF00F6A2A568FAD00587BF9 /* RefrigeratorViewController.swift in Sources */ = {isa = PBXBuildFile; fileRef = 5AF00F692A568FAD00587BF9 /* RefrigeratorViewController.swift */; };
		5AF00F6C2A5694A600587BF9 /* RefrigeratorDetailCell.swift in Sources */ = {isa = PBXBuildFile; fileRef = 5AF00F6B2A5694A600587BF9 /* RefrigeratorDetailCell.swift */; };
		5AFE49C12A5BC164000B9A95 /* UILabel+util.swift in Sources */ = {isa = PBXBuildFile; fileRef = 5AFE49C02A5BC164000B9A95 /* UILabel+util.swift */; };
		5AFE49C32A5BC20F000B9A95 /* UIColor+util.swift in Sources */ = {isa = PBXBuildFile; fileRef = 5AFE49C22A5BC20F000B9A95 /* UIColor+util.swift */; };
		5AFE49C52A5BC352000B9A95 /* BaseStartingView.swift in Sources */ = {isa = PBXBuildFile; fileRef = 5AFE49C42A5BC352000B9A95 /* BaseStartingView.swift */; };
		C14E5ECF67729C2D8562F1C7 /* Pods_Recipe_RecipeUITests.framework in Frameworks */ = {isa = PBXBuildFile; fileRef = 43250A0DA83D570142864CA1 /* Pods_Recipe_RecipeUITests.framework */; };
/* End PBXBuildFile section */

/* Begin PBXContainerItemProxy section */
		5A0244A52A529AA400AA418E /* PBXContainerItemProxy */ = {
			isa = PBXContainerItemProxy;
			containerPortal = 5A0244832A529AA300AA418E /* Project object */;
			proxyType = 1;
			remoteGlobalIDString = 5A02448A2A529AA300AA418E;
			remoteInfo = Recipe;
		};
		5A0244AF2A529AA400AA418E /* PBXContainerItemProxy */ = {
			isa = PBXContainerItemProxy;
			containerPortal = 5A0244832A529AA300AA418E /* Project object */;
			proxyType = 1;
			remoteGlobalIDString = 5A02448A2A529AA300AA418E;
			remoteInfo = Recipe;
		};
/* End PBXContainerItemProxy section */

/* Begin PBXFileReference section */
		161494132A7CFD8900395AA4 /* SearchDefaultView.swift */ = {isa = PBXFileReference; lastKnownFileType = sourcecode.swift; path = SearchDefaultView.swift; sourceTree = "<group>"; };
		161494152A7CFDE100395AA4 /* RecentSearchHeader.swift */ = {isa = PBXFileReference; lastKnownFileType = sourcecode.swift; path = RecentSearchHeader.swift; sourceTree = "<group>"; };
		161494172A7CFDF000395AA4 /* RecentSearchTagCell.swift */ = {isa = PBXFileReference; lastKnownFileType = sourcecode.swift; path = RecentSearchTagCell.swift; sourceTree = "<group>"; };
		161494192A7CFE1300395AA4 /* PopularHeader.swift */ = {isa = PBXFileReference; lastKnownFileType = sourcecode.swift; path = PopularHeader.swift; sourceTree = "<group>"; };
		1614941B2A7CFE3900395AA4 /* PopularCell.swift */ = {isa = PBXFileReference; lastKnownFileType = sourcecode.swift; path = PopularCell.swift; sourceTree = "<group>"; };
		161647952A79590D0055D740 /* ShortFormCell.swift */ = {isa = PBXFileReference; lastKnownFileType = sourcecode.swift; path = ShortFormCell.swift; sourceTree = "<group>"; };
		161EA8532A7A74C100F454F9 /* ShortFormFullScreenViewController.swift */ = {isa = PBXFileReference; lastKnownFileType = sourcecode.swift; path = ShortFormFullScreenViewController.swift; sourceTree = "<group>"; };
		161EA8552A7A7AD000F454F9 /* ShortFormFullScreenView.swift */ = {isa = PBXFileReference; lastKnownFileType = sourcecode.swift; path = ShortFormFullScreenView.swift; sourceTree = "<group>"; };
		161EA8572A7A7E6E00F454F9 /* ShortFormTagCell.swift */ = {isa = PBXFileReference; lastKnownFileType = sourcecode.swift; path = ShortFormTagCell.swift; sourceTree = "<group>"; };
		162DFEB12A6FDF0C00338A18 /* ReviewPhotoViewController.swift */ = {isa = PBXFileReference; lastKnownFileType = sourcecode.swift; path = ReviewPhotoViewController.swift; sourceTree = "<group>"; };
		162DFEB32A6FDFA400338A18 /* PhotoCell.swift */ = {isa = PBXFileReference; lastKnownFileType = sourcecode.swift; path = PhotoCell.swift; sourceTree = "<group>"; };
		1636558B2A7CDE2100208813 /* ShortFormSearchCell.swift */ = {isa = PBXFileReference; lastKnownFileType = sourcecode.swift; path = ShortFormSearchCell.swift; sourceTree = "<group>"; };
		1636558D2A7CDE2C00208813 /* ShortFormSearchViewController.swift */ = {isa = PBXFileReference; lastKnownFileType = sourcecode.swift; path = ShortFormSearchViewController.swift; sourceTree = "<group>"; };
		1636558F2A7CE2CD00208813 /* UIImage+util.swift */ = {isa = PBXFileReference; lastKnownFileType = sourcecode.swift; path = "UIImage+util.swift"; sourceTree = "<group>"; };
		163AFE452A6050D200A8D943 /* CreateRecipeViewController.swift */ = {isa = PBXFileReference; lastKnownFileType = sourcecode.swift; path = CreateRecipeViewController.swift; sourceTree = "<group>"; };
		16900CF92A6B9ACC00B06D8C /* RecipeDetailViewController.swift */ = {isa = PBXFileReference; lastKnownFileType = sourcecode.swift; path = RecipeDetailViewController.swift; sourceTree = "<group>"; };
		16900CFB2A6BA06900B06D8C /* RecipeDetailInfoCell.swift */ = {isa = PBXFileReference; lastKnownFileType = sourcecode.swift; path = RecipeDetailInfoCell.swift; sourceTree = "<group>"; };
		16900CFD2A6BA0D800B06D8C /* Template.swift */ = {isa = PBXFileReference; lastKnownFileType = sourcecode.swift; path = Template.swift; sourceTree = "<group>"; };
		1699577C2A681BB100A1BF1E /* CookStepCell.swift */ = {isa = PBXFileReference; lastKnownFileType = sourcecode.swift; path = CookStepCell.swift; sourceTree = "<group>"; };
		169968C02A6F54250074DB43 /* SegmentViewController.swift */ = {isa = PBXFileReference; lastKnownFileType = sourcecode.swift; path = SegmentViewController.swift; sourceTree = "<group>"; };
		169968C22A6F544F0074DB43 /* UnderlineSegmentedControl.swift */ = {isa = PBXFileReference; lastKnownFileType = sourcecode.swift; path = UnderlineSegmentedControl.swift; sourceTree = "<group>"; };
		169968C42A6F575E0074DB43 /* RecipeDetailReviewHeader.swift */ = {isa = PBXFileReference; lastKnownFileType = sourcecode.swift; path = RecipeDetailReviewHeader.swift; sourceTree = "<group>"; };
		169968C62A6F57960074DB43 /* ReviewHeader.swift */ = {isa = PBXFileReference; lastKnownFileType = sourcecode.swift; path = ReviewHeader.swift; sourceTree = "<group>"; };
		169968C82A6F57B50074DB43 /* ReviewCell.swift */ = {isa = PBXFileReference; lastKnownFileType = sourcecode.swift; path = ReviewCell.swift; sourceTree = "<group>"; };
		169968CA2A6F84B30074DB43 /* RecipeReviewController.swift */ = {isa = PBXFileReference; lastKnownFileType = sourcecode.swift; path = RecipeReviewController.swift; sourceTree = "<group>"; };
		169FE66D2A78A22E00593041 /* UITabBarController+util.swift */ = {isa = PBXFileReference; lastKnownFileType = sourcecode.swift; path = "UITabBarController+util.swift"; sourceTree = "<group>"; };
		169FE6702A78A45D00593041 /* ShortFormCoordinator.swift */ = {isa = PBXFileReference; lastKnownFileType = sourcecode.swift; path = ShortFormCoordinator.swift; sourceTree = "<group>"; };
		169FE6722A78A50300593041 /* ShortFormViewController.swift */ = {isa = PBXFileReference; lastKnownFileType = sourcecode.swift; path = ShortFormViewController.swift; sourceTree = "<group>"; };
		16C19E432A6A1DC6007F5F0C /* CookStepCountCell.swift */ = {isa = PBXFileReference; lastKnownFileType = sourcecode.swift; path = CookStepCountCell.swift; sourceTree = "<group>"; };
		16C19E452A6A30E5007F5F0C /* CookStepFooterView.swift */ = {isa = PBXFileReference; lastKnownFileType = sourcecode.swift; path = CookStepFooterView.swift; sourceTree = "<group>"; };
		16C19E472A6A33F9007F5F0C /* CookStepHeaderView.swift */ = {isa = PBXFileReference; lastKnownFileType = sourcecode.swift; path = CookStepHeaderView.swift; sourceTree = "<group>"; };
		16C5FFAF2A72BDEF00EA599F /* CommentTestViewController.swift */ = {isa = PBXFileReference; lastKnownFileType = sourcecode.swift; path = CommentTestViewController.swift; sourceTree = "<group>"; };
		16C5FFB12A72BE0500EA599F /* CommentTestViewModel.swift */ = {isa = PBXFileReference; lastKnownFileType = sourcecode.swift; path = CommentTestViewModel.swift; sourceTree = "<group>"; };
		16C5FFB32A72BE1300EA599F /* CommentTestHeaderView.swift */ = {isa = PBXFileReference; lastKnownFileType = sourcecode.swift; path = CommentTestHeaderView.swift; sourceTree = "<group>"; };
		16C5FFB52A72BE1F00EA599F /* CommentTestItemCell.swift */ = {isa = PBXFileReference; lastKnownFileType = sourcecode.swift; path = CommentTestItemCell.swift; sourceTree = "<group>"; };
		16C5FFB92A72C35600EA599F /* CategoryModel.swift */ = {isa = PBXFileReference; lastKnownFileType = sourcecode.swift; path = CategoryModel.swift; sourceTree = "<group>"; };
		16C5FFBB2A72C42A00EA599F /* Category.json */ = {isa = PBXFileReference; lastKnownFileType = text.json; path = Category.json; sourceTree = "<group>"; };
		16C852BB2A6C016500D67A73 /* RecipeDetailIngredientHeader.swift */ = {isa = PBXFileReference; lastKnownFileType = sourcecode.swift; path = RecipeDetailIngredientHeader.swift; sourceTree = "<group>"; };
		16C852BF2A6C04BA00D67A73 /* IngredientCell.swift */ = {isa = PBXFileReference; lastKnownFileType = sourcecode.swift; path = IngredientCell.swift; sourceTree = "<group>"; };
		16CE3E582A774C4600102F27 /* CommentFooterView.swift */ = {isa = PBXFileReference; lastKnownFileType = sourcecode.swift; path = CommentFooterView.swift; sourceTree = "<group>"; };
		16CE3E5B2A77665600102F27 /* CreateReviewController.swift */ = {isa = PBXFileReference; lastKnownFileType = sourcecode.swift; path = CreateReviewController.swift; sourceTree = "<group>"; };
		16CE3E5D2A77669900102F27 /* CreateReviewView.swift */ = {isa = PBXFileReference; lastKnownFileType = sourcecode.swift; path = CreateReviewView.swift; sourceTree = "<group>"; };
		16CE3E5F2A77796600102F27 /* PhotoReviewCell.swift */ = {isa = PBXFileReference; lastKnownFileType = sourcecode.swift; path = PhotoReviewCell.swift; sourceTree = "<group>"; };
		16DAB5A62A5E5ACD00CB969D /* UIStackView+util.swift */ = {isa = PBXFileReference; lastKnownFileType = sourcecode.swift; path = "UIStackView+util.swift"; sourceTree = "<group>"; };
		16E615B02A6CA639002C1AE9 /* ShopingListCell.swift */ = {isa = PBXFileReference; lastKnownFileType = sourcecode.swift; path = ShopingListCell.swift; sourceTree = "<group>"; };
		16E615B22A6CE0C8002C1AE9 /* RecipeDetailDefaultHeaderView.swift */ = {isa = PBXFileReference; lastKnownFileType = sourcecode.swift; path = RecipeDetailDefaultHeaderView.swift; sourceTree = "<group>"; };
		16E615B42A6CE124002C1AE9 /* LineFooter.swift */ = {isa = PBXFileReference; lastKnownFileType = sourcecode.swift; path = LineFooter.swift; sourceTree = "<group>"; };
		16E615B62A6CE18D002C1AE9 /* RecipeDetailStepCell.swift */ = {isa = PBXFileReference; lastKnownFileType = sourcecode.swift; path = RecipeDetailStepCell.swift; sourceTree = "<group>"; };
		16F79A5D2A66ABE400FDF3B6 /* DefaultTextFieldCell.swift */ = {isa = PBXFileReference; lastKnownFileType = sourcecode.swift; path = DefaultTextFieldCell.swift; sourceTree = "<group>"; };
		1F2FD8D18D32ADE96A905161 /* Pods-Recipe.release.xcconfig */ = {isa = PBXFileReference; includeInIndex = 1; lastKnownFileType = text.xcconfig; name = "Pods-Recipe.release.xcconfig"; path = "Target Support Files/Pods-Recipe/Pods-Recipe.release.xcconfig"; sourceTree = "<group>"; };
		424F2F41243C03197AE3BEC6 /* Pods-RecipeTests.debug.xcconfig */ = {isa = PBXFileReference; includeInIndex = 1; lastKnownFileType = text.xcconfig; name = "Pods-RecipeTests.debug.xcconfig"; path = "Target Support Files/Pods-RecipeTests/Pods-RecipeTests.debug.xcconfig"; sourceTree = "<group>"; };
		43250A0DA83D570142864CA1 /* Pods_Recipe_RecipeUITests.framework */ = {isa = PBXFileReference; explicitFileType = wrapper.framework; includeInIndex = 0; path = Pods_Recipe_RecipeUITests.framework; sourceTree = BUILT_PRODUCTS_DIR; };
		4591FF47733CABFBD552F151 /* Pods-Recipe-RecipeUITests.debug.xcconfig */ = {isa = PBXFileReference; includeInIndex = 1; lastKnownFileType = text.xcconfig; name = "Pods-Recipe-RecipeUITests.debug.xcconfig"; path = "Target Support Files/Pods-Recipe-RecipeUITests/Pods-Recipe-RecipeUITests.debug.xcconfig"; sourceTree = "<group>"; };
		5A02448B2A529AA300AA418E /* Recipe.app */ = {isa = PBXFileReference; explicitFileType = wrapper.application; includeInIndex = 0; path = Recipe.app; sourceTree = BUILT_PRODUCTS_DIR; };
		5A02448E2A529AA300AA418E /* AppDelegate.swift */ = {isa = PBXFileReference; lastKnownFileType = sourcecode.swift; path = AppDelegate.swift; sourceTree = "<group>"; };
		5A0244902A529AA300AA418E /* SceneDelegate.swift */ = {isa = PBXFileReference; lastKnownFileType = sourcecode.swift; path = SceneDelegate.swift; sourceTree = "<group>"; };
		5A0244922A529AA300AA418E /* ViewController.swift */ = {isa = PBXFileReference; lastKnownFileType = sourcecode.swift; path = ViewController.swift; sourceTree = "<group>"; };
		5A0244982A529AA300AA418E /* Recipe.xcdatamodel */ = {isa = PBXFileReference; lastKnownFileType = wrapper.xcdatamodel; path = Recipe.xcdatamodel; sourceTree = "<group>"; };
		5A02449A2A529AA400AA418E /* Assets.xcassets */ = {isa = PBXFileReference; lastKnownFileType = folder.assetcatalog; path = Assets.xcassets; sourceTree = "<group>"; };
		5A02449D2A529AA400AA418E /* Base */ = {isa = PBXFileReference; lastKnownFileType = file.storyboard; name = Base; path = Base.lproj/LaunchScreen.storyboard; sourceTree = "<group>"; };
		5A02449F2A529AA400AA418E /* Info.plist */ = {isa = PBXFileReference; lastKnownFileType = text.plist.xml; path = Info.plist; sourceTree = "<group>"; };
		5A0244A42A529AA400AA418E /* RecipeTests.xctest */ = {isa = PBXFileReference; explicitFileType = wrapper.cfbundle; includeInIndex = 0; path = RecipeTests.xctest; sourceTree = BUILT_PRODUCTS_DIR; };
		5A0244A82A529AA400AA418E /* RecipeTests.swift */ = {isa = PBXFileReference; lastKnownFileType = sourcecode.swift; path = RecipeTests.swift; sourceTree = "<group>"; };
		5A0244AE2A529AA400AA418E /* RecipeUITests.xctest */ = {isa = PBXFileReference; explicitFileType = wrapper.cfbundle; includeInIndex = 0; path = RecipeUITests.xctest; sourceTree = BUILT_PRODUCTS_DIR; };
		5A0244B22A529AA400AA418E /* RecipeUITests.swift */ = {isa = PBXFileReference; lastKnownFileType = sourcecode.swift; path = RecipeUITests.swift; sourceTree = "<group>"; };
		5A0244B42A529AA400AA418E /* RecipeUITestsLaunchTests.swift */ = {isa = PBXFileReference; lastKnownFileType = sourcecode.swift; path = RecipeUITestsLaunchTests.swift; sourceTree = "<group>"; };
		5A0244C92A52A35800AA418E /* UIViewController+util.swift */ = {isa = PBXFileReference; lastKnownFileType = sourcecode.swift; path = "UIViewController+util.swift"; sourceTree = "<group>"; };
		5A0244CB2A52A36C00AA418E /* Protocols.swift */ = {isa = PBXFileReference; lastKnownFileType = sourcecode.swift; path = Protocols.swift; sourceTree = "<group>"; };
		5A0244CD2A52A37500AA418E /* Services.swift */ = {isa = PBXFileReference; lastKnownFileType = sourcecode.swift; path = Services.swift; sourceTree = "<group>"; };
		5A0244CF2A52A58500AA418E /* AppCoordinator.swift */ = {isa = PBXFileReference; lastKnownFileType = sourcecode.swift; path = AppCoordinator.swift; sourceTree = "<group>"; };
		5A0244D12A52A59000AA418E /* Coordinator.swift */ = {isa = PBXFileReference; lastKnownFileType = sourcecode.swift; path = Coordinator.swift; sourceTree = "<group>"; };
		5A0244D42A52A6DC00AA418E /* SplashViewController.swift */ = {isa = PBXFileReference; lastKnownFileType = sourcecode.swift; path = SplashViewController.swift; sourceTree = "<group>"; };
		5A0244D62A52A6F500AA418E /* BaseViewController.swift */ = {isa = PBXFileReference; lastKnownFileType = sourcecode.swift; path = BaseViewController.swift; sourceTree = "<group>"; };
		5A0244DA2A52A74D00AA418E /* SplashCoordinator.swift */ = {isa = PBXFileReference; lastKnownFileType = sourcecode.swift; path = SplashCoordinator.swift; sourceTree = "<group>"; };
		5A0244DD2A52A7B600AA418E /* LoginViewController.swift */ = {isa = PBXFileReference; lastKnownFileType = sourcecode.swift; path = LoginViewController.swift; sourceTree = "<group>"; };
		5A0244DF2A52A7C900AA418E /* LoginCoordinator.swift */ = {isa = PBXFileReference; lastKnownFileType = sourcecode.swift; path = LoginCoordinator.swift; sourceTree = "<group>"; };
		5A0244E12A52A7E200AA418E /* RegisterCoordinator.swift */ = {isa = PBXFileReference; lastKnownFileType = sourcecode.swift; path = RegisterCoordinator.swift; sourceTree = "<group>"; };
		5A0244E32A52A7F400AA418E /* RegisterFirstViewController.swift */ = {isa = PBXFileReference; lastKnownFileType = sourcecode.swift; path = RegisterFirstViewController.swift; sourceTree = "<group>"; };
		5A0244E52A52A80000AA418E /* RegisterSecondViewController.swift */ = {isa = PBXFileReference; lastKnownFileType = sourcecode.swift; path = RegisterSecondViewController.swift; sourceTree = "<group>"; };
		5A0244E92A52A84800AA418E /* TabCoordinator.swift */ = {isa = PBXFileReference; lastKnownFileType = sourcecode.swift; path = TabCoordinator.swift; sourceTree = "<group>"; };
		5A0244EB2A52A85500AA418E /* TabBarStyle.swift */ = {isa = PBXFileReference; lastKnownFileType = sourcecode.swift; path = TabBarStyle.swift; sourceTree = "<group>"; };
		5A0244EF2A52A8A200AA418E /* MypageCoordinator.swift */ = {isa = PBXFileReference; lastKnownFileType = sourcecode.swift; path = MypageCoordinator.swift; sourceTree = "<group>"; };
		5A0244F12A52A8AA00AA418E /* MypageViewController.swift */ = {isa = PBXFileReference; lastKnownFileType = sourcecode.swift; path = MypageViewController.swift; sourceTree = "<group>"; };
		5A0941952A5CEB01005AEECF /* RegisterView.swift */ = {isa = PBXFileReference; lastKnownFileType = sourcecode.swift; path = RegisterView.swift; sourceTree = "<group>"; };
		5A0941972A5D02B3005AEECF /* RegisterSucessView.swift */ = {isa = PBXFileReference; lastKnownFileType = sourcecode.swift; path = RegisterSucessView.swift; sourceTree = "<group>"; };
		5A4115EE2A5B94B300531267 /* Recipe.entitlements */ = {isa = PBXFileReference; lastKnownFileType = text.plist.entitlements; path = Recipe.entitlements; sourceTree = "<group>"; };
		5A43FF6D2A52ABE90048E213 /* HomeViewController.swift */ = {isa = PBXFileReference; lastKnownFileType = sourcecode.swift; path = HomeViewController.swift; sourceTree = "<group>"; };
		5A43FF6F2A52ABFB0048E213 /* HomeCoordinator.swift */ = {isa = PBXFileReference; lastKnownFileType = sourcecode.swift; path = HomeCoordinator.swift; sourceTree = "<group>"; };
		5A4970802A661CD7005725F8 /* LoginService.swift */ = {isa = PBXFileReference; lastKnownFileType = sourcecode.swift; path = LoginService.swift; sourceTree = "<group>"; };
		5A4970822A662DCC005725F8 /* CreateRecipeFooter.swift */ = {isa = PBXFileReference; lastKnownFileType = sourcecode.swift; path = CreateRecipeFooter.swift; sourceTree = "<group>"; };
		5A5B90472A652AC00049E853 /* CreateRecipeView.swift */ = {isa = PBXFileReference; lastKnownFileType = sourcecode.swift; path = CreateRecipeView.swift; sourceTree = "<group>"; };
		5A5B904C2A652E770049E853 /* CreateRecipeHeaderCell.swift */ = {isa = PBXFileReference; lastKnownFileType = sourcecode.swift; path = CreateRecipeHeaderCell.swift; sourceTree = "<group>"; };
		5A5B904E2A6535010049E853 /* TextFieldCell.swift */ = {isa = PBXFileReference; lastKnownFileType = sourcecode.swift; path = TextFieldCell.swift; sourceTree = "<group>"; };
		5A5B90502A653BA60049E853 /* CookSettingCell.swift */ = {isa = PBXFileReference; lastKnownFileType = sourcecode.swift; path = CookSettingCell.swift; sourceTree = "<group>"; };
		5A805C5A2A5D247700C81D86 /* Key.xcconfig */ = {isa = PBXFileReference; lastKnownFileType = text.xcconfig; path = Key.xcconfig; sourceTree = "<group>"; };
		5A805C5B2A5D32A900C81D86 /* RecipeView.swift */ = {isa = PBXFileReference; lastKnownFileType = sourcecode.swift; path = RecipeView.swift; sourceTree = "<group>"; };
		5A805C5D2A5D365E00C81D86 /* RecipeCell.swift */ = {isa = PBXFileReference; lastKnownFileType = sourcecode.swift; path = RecipeCell.swift; sourceTree = "<group>"; };
		5A8C2DD02A5F915A006B08A7 /* DefaultCircleButton.swift */ = {isa = PBXFileReference; lastKnownFileType = sourcecode.swift; path = DefaultCircleButton.swift; sourceTree = "<group>"; };
		5A8C2DD22A5FC4B0006B08A7 /* PopupViewController.swift */ = {isa = PBXFileReference; lastKnownFileType = sourcecode.swift; path = PopupViewController.swift; sourceTree = "<group>"; };
		5A8C2DD42A5FC4B9006B08A7 /* PopupView.swift */ = {isa = PBXFileReference; lastKnownFileType = sourcecode.swift; path = PopupView.swift; sourceTree = "<group>"; };
		5A907DB22A666C8300973935 /* TextViewCell.swift */ = {isa = PBXFileReference; lastKnownFileType = sourcecode.swift; path = TextViewCell.swift; sourceTree = "<group>"; };
		5A914ACC2A53FD020020BA71 /* UIBarButtonItem+util.swift */ = {isa = PBXFileReference; lastKnownFileType = sourcecode.swift; path = "UIBarButtonItem+util.swift"; sourceTree = "<group>"; };
		5A914ACE2A53FD430020BA71 /* TitleView.swift */ = {isa = PBXFileReference; lastKnownFileType = sourcecode.swift; path = TitleView.swift; sourceTree = "<group>"; };
		5A914AD02A53FD7E0020BA71 /* UIView+util.swift */ = {isa = PBXFileReference; lastKnownFileType = sourcecode.swift; path = "UIView+util.swift"; sourceTree = "<group>"; };
		5A914AD22A54024A0020BA71 /* Home.swift */ = {isa = PBXFileReference; lastKnownFileType = sourcecode.swift; path = Home.swift; sourceTree = "<group>"; };
		5A914AD52A5404940020BA71 /* PageSectionFooterView.swift */ = {isa = PBXFileReference; lastKnownFileType = sourcecode.swift; path = PageSectionFooterView.swift; sourceTree = "<group>"; };
		5A914AD92A5405CC0020BA71 /* RefrigeratorCell.swift */ = {isa = PBXFileReference; lastKnownFileType = sourcecode.swift; path = RefrigeratorCell.swift; sourceTree = "<group>"; };
		5A914ADB2A5406550020BA71 /* UICollectionReusableView+util.swift */ = {isa = PBXFileReference; lastKnownFileType = sourcecode.swift; path = "UICollectionReusableView+util.swift"; sourceTree = "<group>"; };
		5A914ADD2A5407230020BA71 /* ColdRefrigeratorView.swift */ = {isa = PBXFileReference; lastKnownFileType = sourcecode.swift; path = ColdRefrigeratorView.swift; sourceTree = "<group>"; };
		5A914ADF2A5407410020BA71 /* NormalRefrigeratorView.swift */ = {isa = PBXFileReference; lastKnownFileType = sourcecode.swift; path = NormalRefrigeratorView.swift; sourceTree = "<group>"; };
		5A914AE22A5410E30020BA71 /* PriceTrendHeader.swift */ = {isa = PBXFileReference; lastKnownFileType = sourcecode.swift; path = PriceTrendHeader.swift; sourceTree = "<group>"; };
		5A914AE42A5411080020BA71 /* PriceTrendCell.swift */ = {isa = PBXFileReference; lastKnownFileType = sourcecode.swift; path = PriceTrendCell.swift; sourceTree = "<group>"; };
		5A914AE92A54157E0020BA71 /* DefaultHeader.swift */ = {isa = PBXFileReference; lastKnownFileType = sourcecode.swift; path = DefaultHeader.swift; sourceTree = "<group>"; };
		5A914AEB2A54159B0020BA71 /* IngredientRecipeCell.swift */ = {isa = PBXFileReference; lastKnownFileType = sourcecode.swift; path = IngredientRecipeCell.swift; sourceTree = "<group>"; };
		5A914AEE2A5419C70020BA71 /* IngredientsHandleCell.swift */ = {isa = PBXFileReference; lastKnownFileType = sourcecode.swift; path = IngredientsHandleCell.swift; sourceTree = "<group>"; };
		5AAEC5542A5D3BDF00E9877C /* UIButton+util.swift */ = {isa = PBXFileReference; lastKnownFileType = sourcecode.swift; path = "UIButton+util.swift"; sourceTree = "<group>"; };
		5AAEC5562A5D439F00E9877C /* RecipeCategoryCell.swift */ = {isa = PBXFileReference; lastKnownFileType = sourcecode.swift; path = RecipeCategoryCell.swift; sourceTree = "<group>"; };
		5AAEC5582A5D511300E9877C /* RecipeHeaderCell.swift */ = {isa = PBXFileReference; lastKnownFileType = sourcecode.swift; path = RecipeHeaderCell.swift; sourceTree = "<group>"; };
		5AAEC55A2A5D595500E9877C /* RecipeDefaultTag.swift */ = {isa = PBXFileReference; lastKnownFileType = sourcecode.swift; path = RecipeDefaultTag.swift; sourceTree = "<group>"; };
		5AB4A5DB2A5502DF0095CD2B /* PresentationController.swift */ = {isa = PBXFileReference; lastKnownFileType = sourcecode.swift; path = PresentationController.swift; sourceTree = "<group>"; };
		5AB4A5DD2A55099C0095CD2B /* IngredientRegistrationViewController.swift */ = {isa = PBXFileReference; lastKnownFileType = sourcecode.swift; path = IngredientRegistrationViewController.swift; sourceTree = "<group>"; };
		5AB4A5DF2A552E900095CD2B /* PaddingUITextField.swift */ = {isa = PBXFileReference; lastKnownFileType = sourcecode.swift; path = PaddingUITextField.swift; sourceTree = "<group>"; };
		5AB4A5E12A553E7F0095CD2B /* MyCell.swift */ = {isa = PBXFileReference; lastKnownFileType = sourcecode.swift; path = MyCell.swift; sourceTree = "<group>"; };
		5AB4A5E32A554BDF0095CD2B /* TagCell.swift */ = {isa = PBXFileReference; lastKnownFileType = sourcecode.swift; path = TagCell.swift; sourceTree = "<group>"; };
		5ACD7BBC2A57DADD00571259 /* CommunityViewController.swift */ = {isa = PBXFileReference; lastKnownFileType = sourcecode.swift; path = CommunityViewController.swift; sourceTree = "<group>"; };
		5ACD7BBE2A57DAEA00571259 /* CommunityCoordinator.swift */ = {isa = PBXFileReference; lastKnownFileType = sourcecode.swift; path = CommunityCoordinator.swift; sourceTree = "<group>"; };
		5ACD7BC02A57DC4200571259 /* RecipeViewController.swift */ = {isa = PBXFileReference; lastKnownFileType = sourcecode.swift; path = RecipeViewController.swift; sourceTree = "<group>"; };
		5ACD7BC22A57DC4C00571259 /* RecipeCoordinator.swift */ = {isa = PBXFileReference; lastKnownFileType = sourcecode.swift; path = RecipeCoordinator.swift; sourceTree = "<group>"; };
		5AF00F632A56725A00587BF9 /* PriceTrendDetailViewController.swift */ = {isa = PBXFileReference; lastKnownFileType = sourcecode.swift; path = PriceTrendDetailViewController.swift; sourceTree = "<group>"; };
		5AF00F662A56762A00587BF9 /* PriceTrendDetailCell.swift */ = {isa = PBXFileReference; lastKnownFileType = sourcecode.swift; path = PriceTrendDetailCell.swift; sourceTree = "<group>"; };
		5AF00F692A568FAD00587BF9 /* RefrigeratorViewController.swift */ = {isa = PBXFileReference; lastKnownFileType = sourcecode.swift; path = RefrigeratorViewController.swift; sourceTree = "<group>"; };
		5AF00F6B2A5694A600587BF9 /* RefrigeratorDetailCell.swift */ = {isa = PBXFileReference; lastKnownFileType = sourcecode.swift; path = RefrigeratorDetailCell.swift; sourceTree = "<group>"; };
		5AFE49C02A5BC164000B9A95 /* UILabel+util.swift */ = {isa = PBXFileReference; lastKnownFileType = sourcecode.swift; path = "UILabel+util.swift"; sourceTree = "<group>"; };
		5AFE49C22A5BC20F000B9A95 /* UIColor+util.swift */ = {isa = PBXFileReference; lastKnownFileType = sourcecode.swift; path = "UIColor+util.swift"; sourceTree = "<group>"; };
		5AFE49C42A5BC352000B9A95 /* BaseStartingView.swift */ = {isa = PBXFileReference; lastKnownFileType = sourcecode.swift; path = BaseStartingView.swift; sourceTree = "<group>"; };
		A8CE900025B9359CF850D014 /* Pods-Recipe-RecipeUITests.release.xcconfig */ = {isa = PBXFileReference; includeInIndex = 1; lastKnownFileType = text.xcconfig; name = "Pods-Recipe-RecipeUITests.release.xcconfig"; path = "Target Support Files/Pods-Recipe-RecipeUITests/Pods-Recipe-RecipeUITests.release.xcconfig"; sourceTree = "<group>"; };
		B4563E7FE258A2DCD5F58EC8 /* Pods-Recipe.debug.xcconfig */ = {isa = PBXFileReference; includeInIndex = 1; lastKnownFileType = text.xcconfig; name = "Pods-Recipe.debug.xcconfig"; path = "Target Support Files/Pods-Recipe/Pods-Recipe.debug.xcconfig"; sourceTree = "<group>"; };
		DF24270AD89DC117D4A60AF1 /* Pods-RecipeTests.release.xcconfig */ = {isa = PBXFileReference; includeInIndex = 1; lastKnownFileType = text.xcconfig; name = "Pods-RecipeTests.release.xcconfig"; path = "Target Support Files/Pods-RecipeTests/Pods-RecipeTests.release.xcconfig"; sourceTree = "<group>"; };
		EA97959A0831DCE25DB3AF54 /* Pods_Recipe.framework */ = {isa = PBXFileReference; explicitFileType = wrapper.framework; includeInIndex = 0; path = Pods_Recipe.framework; sourceTree = BUILT_PRODUCTS_DIR; };
		F7E8A04628A7BAD1F0DA9DA7 /* Pods_RecipeTests.framework */ = {isa = PBXFileReference; explicitFileType = wrapper.framework; includeInIndex = 0; path = Pods_RecipeTests.framework; sourceTree = BUILT_PRODUCTS_DIR; };
/* End PBXFileReference section */

/* Begin PBXFrameworksBuildPhase section */
		5A0244882A529AA300AA418E /* Frameworks */ = {
			isa = PBXFrameworksBuildPhase;
			buildActionMask = 2147483647;
			files = (
				2041B6D2CA32EDF56FAB5B7F /* Pods_Recipe.framework in Frameworks */,
			);
			runOnlyForDeploymentPostprocessing = 0;
		};
		5A0244A12A529AA400AA418E /* Frameworks */ = {
			isa = PBXFrameworksBuildPhase;
			buildActionMask = 2147483647;
			files = (
				323C2F23D6784580310ECE67 /* Pods_RecipeTests.framework in Frameworks */,
			);
			runOnlyForDeploymentPostprocessing = 0;
		};
		5A0244AB2A529AA400AA418E /* Frameworks */ = {
			isa = PBXFrameworksBuildPhase;
			buildActionMask = 2147483647;
			files = (
				C14E5ECF67729C2D8562F1C7 /* Pods_Recipe_RecipeUITests.framework in Frameworks */,
			);
			runOnlyForDeploymentPostprocessing = 0;
		};
/* End PBXFrameworksBuildPhase section */

/* Begin PBXGroup section */
		1636558A2A7CDE1100208813 /* Search */ = {
			isa = PBXGroup;
			children = (
				1636558B2A7CDE2100208813 /* ShortFormSearchCell.swift */,
				1636558D2A7CDE2C00208813 /* ShortFormSearchViewController.swift */,
				161494132A7CFD8900395AA4 /* SearchDefaultView.swift */,
				161494152A7CFDE100395AA4 /* RecentSearchHeader.swift */,
				161494172A7CFDF000395AA4 /* RecentSearchTagCell.swift */,
				161494192A7CFE1300395AA4 /* PopularHeader.swift */,
				1614941B2A7CFE3900395AA4 /* PopularCell.swift */,
			);
			path = Search;
			sourceTree = "<group>";
		};
		16900CF82A6B9AAF00B06D8C /* RecipeDetail */ = {
			isa = PBXGroup;
			children = (
				16900CF92A6B9ACC00B06D8C /* RecipeDetailViewController.swift */,
				16900CFB2A6BA06900B06D8C /* RecipeDetailInfoCell.swift */,
				16C852BB2A6C016500D67A73 /* RecipeDetailIngredientHeader.swift */,
				16C852BF2A6C04BA00D67A73 /* IngredientCell.swift */,
				16E615B02A6CA639002C1AE9 /* ShopingListCell.swift */,
				16E615B22A6CE0C8002C1AE9 /* RecipeDetailDefaultHeaderView.swift */,
				16E615B42A6CE124002C1AE9 /* LineFooter.swift */,
				16E615B62A6CE18D002C1AE9 /* RecipeDetailStepCell.swift */,
				5A914AEB2A54159B0020BA71 /* IngredientRecipeCell.swift */,
			);
			path = RecipeDetail;
			sourceTree = "<group>";
		};
		169968BF2A6F54110074DB43 /* Review */ = {
			isa = PBXGroup;
			children = (
				16CE3E5A2A77664000102F27 /* CreateReview */,
				16C5FFAE2A72BDD500EA599F /* CommentTest */,
				169968C02A6F54250074DB43 /* SegmentViewController.swift */,
				169968C22A6F544F0074DB43 /* UnderlineSegmentedControl.swift */,
				169968C42A6F575E0074DB43 /* RecipeDetailReviewHeader.swift */,
				169968C62A6F57960074DB43 /* ReviewHeader.swift */,
				169968C82A6F57B50074DB43 /* ReviewCell.swift */,
				169968CA2A6F84B30074DB43 /* RecipeReviewController.swift */,
				162DFEB12A6FDF0C00338A18 /* ReviewPhotoViewController.swift */,
				162DFEB32A6FDFA400338A18 /* PhotoCell.swift */,
			);
			path = Review;
			sourceTree = "<group>";
		};
		169FE66F2A78A44500593041 /* ShortForm */ = {
			isa = PBXGroup;
			children = (
				1636558A2A7CDE1100208813 /* Search */,
				169FE6702A78A45D00593041 /* ShortFormCoordinator.swift */,
				169FE6722A78A50300593041 /* ShortFormViewController.swift */,
				161647952A79590D0055D740 /* ShortFormCell.swift */,
				161EA8532A7A74C100F454F9 /* ShortFormFullScreenViewController.swift */,
				161EA8552A7A7AD000F454F9 /* ShortFormFullScreenView.swift */,
				161EA8572A7A7E6E00F454F9 /* ShortFormTagCell.swift */,
			);
			path = ShortForm;
			sourceTree = "<group>";
		};
		16C5FFAE2A72BDD500EA599F /* CommentTest */ = {
			isa = PBXGroup;
			children = (
				16C5FFAF2A72BDEF00EA599F /* CommentTestViewController.swift */,
				16C5FFB12A72BE0500EA599F /* CommentTestViewModel.swift */,
				16C5FFB32A72BE1300EA599F /* CommentTestHeaderView.swift */,
				16C5FFB52A72BE1F00EA599F /* CommentTestItemCell.swift */,
				16C5FFB92A72C35600EA599F /* CategoryModel.swift */,
				16C5FFBB2A72C42A00EA599F /* Category.json */,
				16CE3E582A774C4600102F27 /* CommentFooterView.swift */,
			);
			path = CommentTest;
			sourceTree = "<group>";
		};
		16CE3E5A2A77664000102F27 /* CreateReview */ = {
			isa = PBXGroup;
			children = (
				16CE3E5B2A77665600102F27 /* CreateReviewController.swift */,
				16CE3E5D2A77669900102F27 /* CreateReviewView.swift */,
				16CE3E5F2A77796600102F27 /* PhotoReviewCell.swift */,
			);
			path = CreateReview;
			sourceTree = "<group>";
		};
		5A0244822A529AA300AA418E = {
			isa = PBXGroup;
			children = (
				5A02448D2A529AA300AA418E /* Recipe */,
				5A0244A72A529AA400AA418E /* RecipeTests */,
				5A0244B12A529AA400AA418E /* RecipeUITests */,
				5A02448C2A529AA300AA418E /* Products */,
				7464DA38ED5D7F31477A783A /* Pods */,
				BAA2C8E0842747D42829848B /* Frameworks */,
			);
			sourceTree = "<group>";
		};
		5A02448C2A529AA300AA418E /* Products */ = {
			isa = PBXGroup;
			children = (
				5A02448B2A529AA300AA418E /* Recipe.app */,
				5A0244A42A529AA400AA418E /* RecipeTests.xctest */,
				5A0244AE2A529AA400AA418E /* RecipeUITests.xctest */,
			);
			name = Products;
			sourceTree = "<group>";
		};
		5A02448D2A529AA300AA418E /* Recipe */ = {
			isa = PBXGroup;
			children = (
				5A4115EE2A5B94B300531267 /* Recipe.entitlements */,
				5A0244C12A52A2A100AA418E /* Application */,
				5A43FF6C2A52ABCF0048E213 /* Ref */,
				5A0244C22A52A2B900AA418E /* Extensions */,
				5A0244D82A52A6FF00AA418E /* Common */,
				5A0244C32A52A2CA00AA418E /* Models */,
				5A0244C42A52A2D300AA418E /* Protocols */,
				5A0244C52A52A2E100AA418E /* Resources */,
				5A0244C72A52A32700AA418E /* Scenes */,
				5A0244C82A52A33600AA418E /* Services */,
				5A0244C62A52A30B00AA418E /* Supporting Files */,
			);
			path = Recipe;
			sourceTree = "<group>";
		};
		5A0244A72A529AA400AA418E /* RecipeTests */ = {
			isa = PBXGroup;
			children = (
				5A0244A82A529AA400AA418E /* RecipeTests.swift */,
			);
			path = RecipeTests;
			sourceTree = "<group>";
		};
		5A0244B12A529AA400AA418E /* RecipeUITests */ = {
			isa = PBXGroup;
			children = (
				5A0244B22A529AA400AA418E /* RecipeUITests.swift */,
				5A0244B42A529AA400AA418E /* RecipeUITestsLaunchTests.swift */,
			);
			path = RecipeUITests;
			sourceTree = "<group>";
		};
		5A0244C12A52A2A100AA418E /* Application */ = {
			isa = PBXGroup;
			children = (
				5A02448E2A529AA300AA418E /* AppDelegate.swift */,
				5A0244902A529AA300AA418E /* SceneDelegate.swift */,
				5A0244CF2A52A58500AA418E /* AppCoordinator.swift */,
			);
			path = Application;
			sourceTree = "<group>";
		};
		5A0244C22A52A2B900AA418E /* Extensions */ = {
			isa = PBXGroup;
			children = (
				5A0244C92A52A35800AA418E /* UIViewController+util.swift */,
				5A914ACC2A53FD020020BA71 /* UIBarButtonItem+util.swift */,
				5A914AD02A53FD7E0020BA71 /* UIView+util.swift */,
				5A914ADB2A5406550020BA71 /* UICollectionReusableView+util.swift */,
				5AFE49C02A5BC164000B9A95 /* UILabel+util.swift */,
				5AFE49C22A5BC20F000B9A95 /* UIColor+util.swift */,
				5AAEC5542A5D3BDF00E9877C /* UIButton+util.swift */,
				16DAB5A62A5E5ACD00CB969D /* UIStackView+util.swift */,
				169FE66D2A78A22E00593041 /* UITabBarController+util.swift */,
				1636558F2A7CE2CD00208813 /* UIImage+util.swift */,
			);
			path = Extensions;
			sourceTree = "<group>";
		};
		5A0244C32A52A2CA00AA418E /* Models */ = {
			isa = PBXGroup;
			children = (
				5A0244972A529AA300AA418E /* Recipe.xcdatamodeld */,
				5A914AD22A54024A0020BA71 /* Home.swift */,
			);
			path = Models;
			sourceTree = "<group>";
		};
		5A0244C42A52A2D300AA418E /* Protocols */ = {
			isa = PBXGroup;
			children = (
				5A0244CB2A52A36C00AA418E /* Protocols.swift */,
				5A0244D12A52A59000AA418E /* Coordinator.swift */,
			);
			path = Protocols;
			sourceTree = "<group>";
		};
		5A0244C52A52A2E100AA418E /* Resources */ = {
			isa = PBXGroup;
			children = (
				5A02449A2A529AA400AA418E /* Assets.xcassets */,
				5A02449C2A529AA400AA418E /* LaunchScreen.storyboard */,
			);
			path = Resources;
			sourceTree = "<group>";
		};
		5A0244C62A52A30B00AA418E /* Supporting Files */ = {
			isa = PBXGroup;
			children = (
				5A02449F2A529AA400AA418E /* Info.plist */,
				5A805C5A2A5D247700C81D86 /* Key.xcconfig */,
			);
			path = "Supporting Files";
			sourceTree = "<group>";
		};
		5A0244C72A52A32700AA418E /* Scenes */ = {
			isa = PBXGroup;
			children = (
				5A0244D32A52A6C200AA418E /* Splash */,
				5A0244D92A52A73D00AA418E /* Login */,
				5A0244DC2A52A7A800AA418E /* Register */,
				5A0244E72A52A83600AA418E /* Main */,
				5A0244922A529AA300AA418E /* ViewController.swift */,
			);
			path = Scenes;
			sourceTree = "<group>";
		};
		5A0244C82A52A33600AA418E /* Services */ = {
			isa = PBXGroup;
			children = (
				5A0244CD2A52A37500AA418E /* Services.swift */,
			);
			path = Services;
			sourceTree = "<group>";
		};
		5A0244D32A52A6C200AA418E /* Splash */ = {
			isa = PBXGroup;
			children = (
				5A0244D42A52A6DC00AA418E /* SplashViewController.swift */,
				5A0244DA2A52A74D00AA418E /* SplashCoordinator.swift */,
			);
			path = Splash;
			sourceTree = "<group>";
		};
		5A0244D82A52A6FF00AA418E /* Common */ = {
			isa = PBXGroup;
			children = (
				5A914AE92A54157E0020BA71 /* DefaultHeader.swift */,
				5AB4A5DB2A5502DF0095CD2B /* PresentationController.swift */,
				5A0244D62A52A6F500AA418E /* BaseViewController.swift */,
				5AB4A5DF2A552E900095CD2B /* PaddingUITextField.swift */,
				5AFE49C42A5BC352000B9A95 /* BaseStartingView.swift */,
				5AAEC55A2A5D595500E9877C /* RecipeDefaultTag.swift */,
				5A8C2DD02A5F915A006B08A7 /* DefaultCircleButton.swift */,
				5A8C2DD22A5FC4B0006B08A7 /* PopupViewController.swift */,
				5A8C2DD42A5FC4B9006B08A7 /* PopupView.swift */,
				16F79A5D2A66ABE400FDF3B6 /* DefaultTextFieldCell.swift */,
				5A5B904E2A6535010049E853 /* TextFieldCell.swift */,
				16900CFD2A6BA0D800B06D8C /* Template.swift */,
			);
			path = Common;
			sourceTree = "<group>";
		};
		5A0244D92A52A73D00AA418E /* Login */ = {
			isa = PBXGroup;
			children = (
				5A0244DD2A52A7B600AA418E /* LoginViewController.swift */,
				5A0244DF2A52A7C900AA418E /* LoginCoordinator.swift */,
				5A4970802A661CD7005725F8 /* LoginService.swift */,
			);
			path = Login;
			sourceTree = "<group>";
		};
		5A0244DC2A52A7A800AA418E /* Register */ = {
			isa = PBXGroup;
			children = (
				5A0941952A5CEB01005AEECF /* RegisterView.swift */,
				5A0941972A5D02B3005AEECF /* RegisterSucessView.swift */,
				5A0244E12A52A7E200AA418E /* RegisterCoordinator.swift */,
				5A0244E32A52A7F400AA418E /* RegisterFirstViewController.swift */,
				5A0244E52A52A80000AA418E /* RegisterSecondViewController.swift */,
			);
			path = Register;
			sourceTree = "<group>";
		};
		5A0244E72A52A83600AA418E /* Main */ = {
			isa = PBXGroup;
			children = (
				5A0244E82A52A83E00AA418E /* Tab */,
				169FE66F2A78A44500593041 /* ShortForm */,
				5ACD7BBA2A57DAA100571259 /* Recipe */,
				5ACD7BBB2A57DAA800571259 /* Community */,
				5A0244ED2A52A87B00AA418E /* MyPage */,
			);
			path = Main;
			sourceTree = "<group>";
		};
		5A0244E82A52A83E00AA418E /* Tab */ = {
			isa = PBXGroup;
			children = (
				5A0244E92A52A84800AA418E /* TabCoordinator.swift */,
				5A0244EB2A52A85500AA418E /* TabBarStyle.swift */,
			);
			path = Tab;
			sourceTree = "<group>";
		};
		5A0244ED2A52A87B00AA418E /* MyPage */ = {
			isa = PBXGroup;
			children = (
				5A0244EF2A52A8A200AA418E /* MypageCoordinator.swift */,
				5A0244F12A52A8AA00AA418E /* MypageViewController.swift */,
			);
			path = MyPage;
			sourceTree = "<group>";
		};
		5A43FF6C2A52ABCF0048E213 /* Ref */ = {
			isa = PBXGroup;
			children = (
				5A914AD42A5402FC0020BA71 /* Refrigerator */,
				5A914AE12A5410B70020BA71 /* PriceTrend */,
				5A914AED2A5419AE0020BA71 /* IngredientHandle */,
				5A43FF6D2A52ABE90048E213 /* HomeViewController.swift */,
				5A43FF6F2A52ABFB0048E213 /* HomeCoordinator.swift */,
				5A914ACE2A53FD430020BA71 /* TitleView.swift */,
				5AB4A5DD2A55099C0095CD2B /* IngredientRegistrationViewController.swift */,
				5AB4A5E12A553E7F0095CD2B /* MyCell.swift */,
				5AB4A5E32A554BDF0095CD2B /* TagCell.swift */,
			);
			path = Ref;
			sourceTree = "<group>";
		};
		5A5B904B2A652DE30049E853 /* CreateRecipe */ = {
			isa = PBXGroup;
			children = (
				5A5B90472A652AC00049E853 /* CreateRecipeView.swift */,
				163AFE452A6050D200A8D943 /* CreateRecipeViewController.swift */,
				5A5B904C2A652E770049E853 /* CreateRecipeHeaderCell.swift */,
				5A4970822A662DCC005725F8 /* CreateRecipeFooter.swift */,
				16C19E432A6A1DC6007F5F0C /* CookStepCountCell.swift */,
				5A5B90502A653BA60049E853 /* CookSettingCell.swift */,
				5A907DB22A666C8300973935 /* TextViewCell.swift */,
				1699577C2A681BB100A1BF1E /* CookStepCell.swift */,
				16C19E452A6A30E5007F5F0C /* CookStepFooterView.swift */,
				16C19E472A6A33F9007F5F0C /* CookStepHeaderView.swift */,
			);
			path = CreateRecipe;
			sourceTree = "<group>";
		};
		5A914AD42A5402FC0020BA71 /* Refrigerator */ = {
			isa = PBXGroup;
			children = (
				5AF00F682A568EA500587BF9 /* Detail */,
				5A914AD52A5404940020BA71 /* PageSectionFooterView.swift */,
				5A914AD92A5405CC0020BA71 /* RefrigeratorCell.swift */,
				5A914ADD2A5407230020BA71 /* ColdRefrigeratorView.swift */,
				5A914ADF2A5407410020BA71 /* NormalRefrigeratorView.swift */,
			);
			path = Refrigerator;
			sourceTree = "<group>";
		};
		5A914AE12A5410B70020BA71 /* PriceTrend */ = {
			isa = PBXGroup;
			children = (
				5AF00F652A56760B00587BF9 /* Detail */,
				5A914AE22A5410E30020BA71 /* PriceTrendHeader.swift */,
				5A914AE42A5411080020BA71 /* PriceTrendCell.swift */,
			);
			path = PriceTrend;
			sourceTree = "<group>";
		};
		5A914AED2A5419AE0020BA71 /* IngredientHandle */ = {
			isa = PBXGroup;
			children = (
				5A914AEE2A5419C70020BA71 /* IngredientsHandleCell.swift */,
			);
			path = IngredientHandle;
			sourceTree = "<group>";
		};
		5ACD7BBA2A57DAA100571259 /* Recipe */ = {
			isa = PBXGroup;
			children = (
				5A805C5B2A5D32A900C81D86 /* RecipeView.swift */,
				5ACD7BC02A57DC4200571259 /* RecipeViewController.swift */,
				5ACD7BC22A57DC4C00571259 /* RecipeCoordinator.swift */,
				5A805C5D2A5D365E00C81D86 /* RecipeCell.swift */,
				5AAEC5562A5D439F00E9877C /* RecipeCategoryCell.swift */,
				5AAEC5582A5D511300E9877C /* RecipeHeaderCell.swift */,
				5A5B904B2A652DE30049E853 /* CreateRecipe */,
				16900CF82A6B9AAF00B06D8C /* RecipeDetail */,
				169968BF2A6F54110074DB43 /* Review */,
			);
			path = Recipe;
			sourceTree = "<group>";
		};
		5ACD7BBB2A57DAA800571259 /* Community */ = {
			isa = PBXGroup;
			children = (
				5ACD7BBC2A57DADD00571259 /* CommunityViewController.swift */,
				5ACD7BBE2A57DAEA00571259 /* CommunityCoordinator.swift */,
			);
			path = Community;
			sourceTree = "<group>";
		};
		5AF00F652A56760B00587BF9 /* Detail */ = {
			isa = PBXGroup;
			children = (
				5AF00F632A56725A00587BF9 /* PriceTrendDetailViewController.swift */,
				5AF00F662A56762A00587BF9 /* PriceTrendDetailCell.swift */,
			);
			path = Detail;
			sourceTree = "<group>";
		};
		5AF00F682A568EA500587BF9 /* Detail */ = {
			isa = PBXGroup;
			children = (
				5AF00F692A568FAD00587BF9 /* RefrigeratorViewController.swift */,
				5AF00F6B2A5694A600587BF9 /* RefrigeratorDetailCell.swift */,
			);
			path = Detail;
			sourceTree = "<group>";
		};
		7464DA38ED5D7F31477A783A /* Pods */ = {
			isa = PBXGroup;
			children = (
				B4563E7FE258A2DCD5F58EC8 /* Pods-Recipe.debug.xcconfig */,
				1F2FD8D18D32ADE96A905161 /* Pods-Recipe.release.xcconfig */,
				4591FF47733CABFBD552F151 /* Pods-Recipe-RecipeUITests.debug.xcconfig */,
				A8CE900025B9359CF850D014 /* Pods-Recipe-RecipeUITests.release.xcconfig */,
				424F2F41243C03197AE3BEC6 /* Pods-RecipeTests.debug.xcconfig */,
				DF24270AD89DC117D4A60AF1 /* Pods-RecipeTests.release.xcconfig */,
			);
			path = Pods;
			sourceTree = "<group>";
		};
		BAA2C8E0842747D42829848B /* Frameworks */ = {
			isa = PBXGroup;
			children = (
				EA97959A0831DCE25DB3AF54 /* Pods_Recipe.framework */,
				43250A0DA83D570142864CA1 /* Pods_Recipe_RecipeUITests.framework */,
				F7E8A04628A7BAD1F0DA9DA7 /* Pods_RecipeTests.framework */,
			);
			name = Frameworks;
			sourceTree = "<group>";
		};
/* End PBXGroup section */

/* Begin PBXNativeTarget section */
		5A02448A2A529AA300AA418E /* Recipe */ = {
			isa = PBXNativeTarget;
			buildConfigurationList = 5A0244B82A529AA400AA418E /* Build configuration list for PBXNativeTarget "Recipe" */;
			buildPhases = (
				A3B438FBDB50D7CFD6E371F2 /* [CP] Check Pods Manifest.lock */,
				5A0244872A529AA300AA418E /* Sources */,
				5A0244882A529AA300AA418E /* Frameworks */,
				5A0244892A529AA300AA418E /* Resources */,
				B02DCFB425EA72A21816006D /* [CP] Embed Pods Frameworks */,
			);
			buildRules = (
			);
			dependencies = (
			);
			name = Recipe;
			productName = Recipe;
			productReference = 5A02448B2A529AA300AA418E /* Recipe.app */;
			productType = "com.apple.product-type.application";
		};
		5A0244A32A529AA400AA418E /* RecipeTests */ = {
			isa = PBXNativeTarget;
			buildConfigurationList = 5A0244BB2A529AA400AA418E /* Build configuration list for PBXNativeTarget "RecipeTests" */;
			buildPhases = (
				C665BED8A76E226E896F785F /* [CP] Check Pods Manifest.lock */,
				5A0244A02A529AA400AA418E /* Sources */,
				5A0244A12A529AA400AA418E /* Frameworks */,
				5A0244A22A529AA400AA418E /* Resources */,
			);
			buildRules = (
			);
			dependencies = (
				5A0244A62A529AA400AA418E /* PBXTargetDependency */,
			);
			name = RecipeTests;
			productName = RecipeTests;
			productReference = 5A0244A42A529AA400AA418E /* RecipeTests.xctest */;
			productType = "com.apple.product-type.bundle.unit-test";
		};
		5A0244AD2A529AA400AA418E /* RecipeUITests */ = {
			isa = PBXNativeTarget;
			buildConfigurationList = 5A0244BE2A529AA400AA418E /* Build configuration list for PBXNativeTarget "RecipeUITests" */;
			buildPhases = (
				3E4A176B8B885D6B74135E73 /* [CP] Check Pods Manifest.lock */,
				5A0244AA2A529AA400AA418E /* Sources */,
				5A0244AB2A529AA400AA418E /* Frameworks */,
				5A0244AC2A529AA400AA418E /* Resources */,
				3F965209D3DA78743D566E7F /* [CP] Embed Pods Frameworks */,
			);
			buildRules = (
			);
			dependencies = (
				5A0244B02A529AA400AA418E /* PBXTargetDependency */,
			);
			name = RecipeUITests;
			productName = RecipeUITests;
			productReference = 5A0244AE2A529AA400AA418E /* RecipeUITests.xctest */;
			productType = "com.apple.product-type.bundle.ui-testing";
		};
/* End PBXNativeTarget section */

/* Begin PBXProject section */
		5A0244832A529AA300AA418E /* Project object */ = {
			isa = PBXProject;
			attributes = {
				BuildIndependentTargetsInParallel = 1;
				LastSwiftUpdateCheck = 1430;
				LastUpgradeCheck = 1430;
				TargetAttributes = {
					5A02448A2A529AA300AA418E = {
						CreatedOnToolsVersion = 14.3;
					};
					5A0244A32A529AA400AA418E = {
						CreatedOnToolsVersion = 14.3;
						TestTargetID = 5A02448A2A529AA300AA418E;
					};
					5A0244AD2A529AA400AA418E = {
						CreatedOnToolsVersion = 14.3;
						TestTargetID = 5A02448A2A529AA300AA418E;
					};
				};
			};
			buildConfigurationList = 5A0244862A529AA300AA418E /* Build configuration list for PBXProject "Recipe" */;
			compatibilityVersion = "Xcode 13.0";
			developmentRegion = en;
			hasScannedForEncodings = 0;
			knownRegions = (
				en,
				Base,
			);
			mainGroup = 5A0244822A529AA300AA418E;
			productRefGroup = 5A02448C2A529AA300AA418E /* Products */;
			projectDirPath = "";
			projectRoot = "";
			targets = (
				5A02448A2A529AA300AA418E /* Recipe */,
				5A0244A32A529AA400AA418E /* RecipeTests */,
				5A0244AD2A529AA400AA418E /* RecipeUITests */,
			);
		};
/* End PBXProject section */

/* Begin PBXResourcesBuildPhase section */
		5A0244892A529AA300AA418E /* Resources */ = {
			isa = PBXResourcesBuildPhase;
			buildActionMask = 2147483647;
			files = (
				5A02449E2A529AA400AA418E /* LaunchScreen.storyboard in Resources */,
				5A02449B2A529AA400AA418E /* Assets.xcassets in Resources */,
				16C5FFBC2A72C42A00EA599F /* Category.json in Resources */,
			);
			runOnlyForDeploymentPostprocessing = 0;
		};
		5A0244A22A529AA400AA418E /* Resources */ = {
			isa = PBXResourcesBuildPhase;
			buildActionMask = 2147483647;
			files = (
			);
			runOnlyForDeploymentPostprocessing = 0;
		};
		5A0244AC2A529AA400AA418E /* Resources */ = {
			isa = PBXResourcesBuildPhase;
			buildActionMask = 2147483647;
			files = (
			);
			runOnlyForDeploymentPostprocessing = 0;
		};
/* End PBXResourcesBuildPhase section */

/* Begin PBXShellScriptBuildPhase section */
		3E4A176B8B885D6B74135E73 /* [CP] Check Pods Manifest.lock */ = {
			isa = PBXShellScriptBuildPhase;
			buildActionMask = 2147483647;
			files = (
			);
			inputFileListPaths = (
			);
			inputPaths = (
				"${PODS_PODFILE_DIR_PATH}/Podfile.lock",
				"${PODS_ROOT}/Manifest.lock",
			);
			name = "[CP] Check Pods Manifest.lock";
			outputFileListPaths = (
			);
			outputPaths = (
				"$(DERIVED_FILE_DIR)/Pods-Recipe-RecipeUITests-checkManifestLockResult.txt",
			);
			runOnlyForDeploymentPostprocessing = 0;
			shellPath = /bin/sh;
			shellScript = "diff \"${PODS_PODFILE_DIR_PATH}/Podfile.lock\" \"${PODS_ROOT}/Manifest.lock\" > /dev/null\nif [ $? != 0 ] ; then\n    # print error to STDERR\n    echo \"error: The sandbox is not in sync with the Podfile.lock. Run 'pod install' or update your CocoaPods installation.\" >&2\n    exit 1\nfi\n# This output is used by Xcode 'outputs' to avoid re-running this script phase.\necho \"SUCCESS\" > \"${SCRIPT_OUTPUT_FILE_0}\"\n";
			showEnvVarsInLog = 0;
		};
		3F965209D3DA78743D566E7F /* [CP] Embed Pods Frameworks */ = {
			isa = PBXShellScriptBuildPhase;
			buildActionMask = 2147483647;
			files = (
			);
			inputFileListPaths = (
				"${PODS_ROOT}/Target Support Files/Pods-Recipe-RecipeUITests/Pods-Recipe-RecipeUITests-frameworks-${CONFIGURATION}-input-files.xcfilelist",
			);
			name = "[CP] Embed Pods Frameworks";
			outputFileListPaths = (
				"${PODS_ROOT}/Target Support Files/Pods-Recipe-RecipeUITests/Pods-Recipe-RecipeUITests-frameworks-${CONFIGURATION}-output-files.xcfilelist",
			);
			runOnlyForDeploymentPostprocessing = 0;
			shellPath = /bin/sh;
			shellScript = "\"${PODS_ROOT}/Target Support Files/Pods-Recipe-RecipeUITests/Pods-Recipe-RecipeUITests-frameworks.sh\"\n";
			showEnvVarsInLog = 0;
		};
		A3B438FBDB50D7CFD6E371F2 /* [CP] Check Pods Manifest.lock */ = {
			isa = PBXShellScriptBuildPhase;
			buildActionMask = 2147483647;
			files = (
			);
			inputFileListPaths = (
			);
			inputPaths = (
				"${PODS_PODFILE_DIR_PATH}/Podfile.lock",
				"${PODS_ROOT}/Manifest.lock",
			);
			name = "[CP] Check Pods Manifest.lock";
			outputFileListPaths = (
			);
			outputPaths = (
				"$(DERIVED_FILE_DIR)/Pods-Recipe-checkManifestLockResult.txt",
			);
			runOnlyForDeploymentPostprocessing = 0;
			shellPath = /bin/sh;
			shellScript = "diff \"${PODS_PODFILE_DIR_PATH}/Podfile.lock\" \"${PODS_ROOT}/Manifest.lock\" > /dev/null\nif [ $? != 0 ] ; then\n    # print error to STDERR\n    echo \"error: The sandbox is not in sync with the Podfile.lock. Run 'pod install' or update your CocoaPods installation.\" >&2\n    exit 1\nfi\n# This output is used by Xcode 'outputs' to avoid re-running this script phase.\necho \"SUCCESS\" > \"${SCRIPT_OUTPUT_FILE_0}\"\n";
			showEnvVarsInLog = 0;
		};
		B02DCFB425EA72A21816006D /* [CP] Embed Pods Frameworks */ = {
			isa = PBXShellScriptBuildPhase;
			buildActionMask = 2147483647;
			files = (
			);
			inputFileListPaths = (
				"${PODS_ROOT}/Target Support Files/Pods-Recipe/Pods-Recipe-frameworks-${CONFIGURATION}-input-files.xcfilelist",
			);
			name = "[CP] Embed Pods Frameworks";
			outputFileListPaths = (
				"${PODS_ROOT}/Target Support Files/Pods-Recipe/Pods-Recipe-frameworks-${CONFIGURATION}-output-files.xcfilelist",
			);
			runOnlyForDeploymentPostprocessing = 0;
			shellPath = /bin/sh;
			shellScript = "\"${PODS_ROOT}/Target Support Files/Pods-Recipe/Pods-Recipe-frameworks.sh\"\n";
			showEnvVarsInLog = 0;
		};
		C665BED8A76E226E896F785F /* [CP] Check Pods Manifest.lock */ = {
			isa = PBXShellScriptBuildPhase;
			buildActionMask = 2147483647;
			files = (
			);
			inputFileListPaths = (
			);
			inputPaths = (
				"${PODS_PODFILE_DIR_PATH}/Podfile.lock",
				"${PODS_ROOT}/Manifest.lock",
			);
			name = "[CP] Check Pods Manifest.lock";
			outputFileListPaths = (
			);
			outputPaths = (
				"$(DERIVED_FILE_DIR)/Pods-RecipeTests-checkManifestLockResult.txt",
			);
			runOnlyForDeploymentPostprocessing = 0;
			shellPath = /bin/sh;
			shellScript = "diff \"${PODS_PODFILE_DIR_PATH}/Podfile.lock\" \"${PODS_ROOT}/Manifest.lock\" > /dev/null\nif [ $? != 0 ] ; then\n    # print error to STDERR\n    echo \"error: The sandbox is not in sync with the Podfile.lock. Run 'pod install' or update your CocoaPods installation.\" >&2\n    exit 1\nfi\n# This output is used by Xcode 'outputs' to avoid re-running this script phase.\necho \"SUCCESS\" > \"${SCRIPT_OUTPUT_FILE_0}\"\n";
			showEnvVarsInLog = 0;
		};
/* End PBXShellScriptBuildPhase section */

/* Begin PBXSourcesBuildPhase section */
		5A0244872A529AA300AA418E /* Sources */ = {
			isa = PBXSourcesBuildPhase;
			buildActionMask = 2147483647;
			files = (
				5A0244E62A52A80000AA418E /* RegisterSecondViewController.swift in Sources */,
				5AB4A5E02A552E900095CD2B /* PaddingUITextField.swift in Sources */,
				5ACD7BC12A57DC4200571259 /* RecipeViewController.swift in Sources */,
				5A0244932A529AA300AA418E /* ViewController.swift in Sources */,
				161EA8562A7A7AD000F454F9 /* ShortFormFullScreenView.swift in Sources */,
				5AF00F6A2A568FAD00587BF9 /* RefrigeratorViewController.swift in Sources */,
				5A02448F2A529AA300AA418E /* AppDelegate.swift in Sources */,
				5AAEC5572A5D439F00E9877C /* RecipeCategoryCell.swift in Sources */,
				169968C52A6F575E0074DB43 /* RecipeDetailReviewHeader.swift in Sources */,
				5A8C2DD32A5FC4B0006B08A7 /* PopupViewController.swift in Sources */,
				5AFE49C12A5BC164000B9A95 /* UILabel+util.swift in Sources */,
				5AFE49C32A5BC20F000B9A95 /* UIColor+util.swift in Sources */,
				162DFEB42A6FDFA400338A18 /* PhotoCell.swift in Sources */,
				5A914ADA2A5405CC0020BA71 /* RefrigeratorCell.swift in Sources */,
				5A0941962A5CEB01005AEECF /* RegisterView.swift in Sources */,
				16C852BC2A6C016500D67A73 /* RecipeDetailIngredientHeader.swift in Sources */,
				16900CFC2A6BA06900B06D8C /* RecipeDetailInfoCell.swift in Sources */,
				5A0244E02A52A7C900AA418E /* LoginCoordinator.swift in Sources */,
				5A914AEF2A5419C70020BA71 /* IngredientsHandleCell.swift in Sources */,
				5A0244D72A52A6F500AA418E /* BaseViewController.swift in Sources */,
				1636558E2A7CDE2C00208813 /* ShortFormSearchViewController.swift in Sources */,
				5A0244912A529AA300AA418E /* SceneDelegate.swift in Sources */,
				16DAB5A72A5E5ACD00CB969D /* UIStackView+util.swift in Sources */,
				5A914AD62A5404940020BA71 /* PageSectionFooterView.swift in Sources */,
				16C852C02A6C04BA00D67A73 /* IngredientCell.swift in Sources */,
				16CE3E5E2A77669900102F27 /* CreateReviewView.swift in Sources */,
				5A0244F22A52A8AA00AA418E /* MypageViewController.swift in Sources */,
				16F79A5E2A66ABE400FDF3B6 /* DefaultTextFieldCell.swift in Sources */,
				5A5B904F2A6535010049E853 /* TextFieldCell.swift in Sources */,
				5A43FF6E2A52ABE90048E213 /* HomeViewController.swift in Sources */,
				5A914AE32A5410E30020BA71 /* PriceTrendHeader.swift in Sources */,
				5ACD7BBF2A57DAEA00571259 /* CommunityCoordinator.swift in Sources */,
				16C5FFB02A72BDEF00EA599F /* CommentTestViewController.swift in Sources */,
				161494182A7CFDF000395AA4 /* RecentSearchTagCell.swift in Sources */,
				16C5FFB42A72BE1300EA599F /* CommentTestHeaderView.swift in Sources */,
				5A914AD12A53FD7E0020BA71 /* UIView+util.swift in Sources */,
				1614941A2A7CFE1300395AA4 /* PopularHeader.swift in Sources */,
				5AF00F642A56725A00587BF9 /* PriceTrendDetailViewController.swift in Sources */,
				5AB4A5E42A554BDF0095CD2B /* TagCell.swift in Sources */,
				5AF00F672A56762A00587BF9 /* PriceTrendDetailCell.swift in Sources */,
				5ACD7BC32A57DC4C00571259 /* RecipeCoordinator.swift in Sources */,
				1614941C2A7CFE3900395AA4 /* PopularCell.swift in Sources */,
				162DFEB22A6FDF0D00338A18 /* ReviewPhotoViewController.swift in Sources */,
				5A0244CE2A52A37500AA418E /* Services.swift in Sources */,
				5A0244D02A52A58500AA418E /* AppCoordinator.swift in Sources */,
				16C19E442A6A1DC6007F5F0C /* CookStepCountCell.swift in Sources */,
				169968C32A6F544F0074DB43 /* UnderlineSegmentedControl.swift in Sources */,
				5A914AE52A5411080020BA71 /* PriceTrendCell.swift in Sources */,
				5A4970812A661CD7005725F8 /* LoginService.swift in Sources */,
				5A914ADC2A5406550020BA71 /* UICollectionReusableView+util.swift in Sources */,
				5A0244CC2A52A36C00AA418E /* Protocols.swift in Sources */,
				5A0244EC2A52A85500AA418E /* TabBarStyle.swift in Sources */,
				5A914ACD2A53FD020020BA71 /* UIBarButtonItem+util.swift in Sources */,
				1699577D2A681BB100A1BF1E /* CookStepCell.swift in Sources */,
				16C19E462A6A30E5007F5F0C /* CookStepFooterView.swift in Sources */,
				16E615B72A6CE18D002C1AE9 /* RecipeDetailStepCell.swift in Sources */,
				5A0244E42A52A7F400AA418E /* RegisterFirstViewController.swift in Sources */,
				5A914ACF2A53FD430020BA71 /* TitleView.swift in Sources */,
				5A805C5E2A5D365E00C81D86 /* RecipeCell.swift in Sources */,
				5A907DB32A666C8300973935 /* TextViewCell.swift in Sources */,
				5A0244EA2A52A84800AA418E /* TabCoordinator.swift in Sources */,
				5A8C2DD52A5FC4B9006B08A7 /* PopupView.swift in Sources */,
				5AAEC55B2A5D595500E9877C /* RecipeDefaultTag.swift in Sources */,
				5AB4A5DC2A5502DF0095CD2B /* PresentationController.swift in Sources */,
				163655902A7CE2CD00208813 /* UIImage+util.swift in Sources */,
				5A914AE02A5407410020BA71 /* NormalRefrigeratorView.swift in Sources */,
				16CE3E5C2A77665600102F27 /* CreateReviewController.swift in Sources */,
				169FE66E2A78A22E00593041 /* UITabBarController+util.swift in Sources */,
				5AAEC5592A5D511300E9877C /* RecipeHeaderCell.swift in Sources */,
				5AB4A5E22A553E7F0095CD2B /* MyCell.swift in Sources */,
				161494162A7CFDE100395AA4 /* RecentSearchHeader.swift in Sources */,
				5A0244F02A52A8A200AA418E /* MypageCoordinator.swift in Sources */,
				5A8C2DD12A5F915A006B08A7 /* DefaultCircleButton.swift in Sources */,
				5A805C5C2A5D32A900C81D86 /* RecipeView.swift in Sources */,
				5AF00F6C2A5694A600587BF9 /* RefrigeratorDetailCell.swift in Sources */,
				5AAEC5552A5D3BDF00E9877C /* UIButton+util.swift in Sources */,
				16900CFE2A6BA0D800B06D8C /* Template.swift in Sources */,
				16C5FFB62A72BE1F00EA599F /* CommentTestItemCell.swift in Sources */,
				169FE6712A78A45D00593041 /* ShortFormCoordinator.swift in Sources */,
				161EA8542A7A74C100F454F9 /* ShortFormFullScreenViewController.swift in Sources */,
				5A0244CA2A52A35800AA418E /* UIViewController+util.swift in Sources */,
				169968C12A6F54250074DB43 /* SegmentViewController.swift in Sources */,
				169FE6732A78A50300593041 /* ShortFormViewController.swift in Sources */,
				5A43FF702A52ABFB0048E213 /* HomeCoordinator.swift in Sources */,
				1636558C2A7CDE2100208813 /* ShortFormSearchCell.swift in Sources */,
				5A0244992A529AA300AA418E /* Recipe.xcdatamodeld in Sources */,
				16C5FFB22A72BE0500EA599F /* CommentTestViewModel.swift in Sources */,
				16CE3E592A774C4600102F27 /* CommentFooterView.swift in Sources */,
				16E615B12A6CA639002C1AE9 /* ShopingListCell.swift in Sources */,
				5A914AEC2A54159B0020BA71 /* IngredientRecipeCell.swift in Sources */,
				161EA8582A7A7E6E00F454F9 /* ShortFormTagCell.swift in Sources */,
				169968C72A6F57960074DB43 /* ReviewHeader.swift in Sources */,
				5A0244DB2A52A74D00AA418E /* SplashCoordinator.swift in Sources */,
				5A914AD32A54024A0020BA71 /* Home.swift in Sources */,
				5A0244D22A52A59000AA418E /* Coordinator.swift in Sources */,
				161647962A79590D0055D740 /* ShortFormCell.swift in Sources */,
				5A5B904D2A652E770049E853 /* CreateRecipeHeaderCell.swift in Sources */,
				16E615B32A6CE0C8002C1AE9 /* RecipeDetailDefaultHeaderView.swift in Sources */,
				161494142A7CFD8900395AA4 /* SearchDefaultView.swift in Sources */,
				163AFE462A6050D200A8D943 /* CreateRecipeViewController.swift in Sources */,
				16900CFA2A6B9ACC00B06D8C /* RecipeDetailViewController.swift in Sources */,
				16C5FFBA2A72C35600EA599F /* CategoryModel.swift in Sources */,
				169968CB2A6F84B30074DB43 /* RecipeReviewController.swift in Sources */,
				5A0244DE2A52A7B600AA418E /* LoginViewController.swift in Sources */,
				5A914AEA2A54157E0020BA71 /* DefaultHeader.swift in Sources */,
				16E615B52A6CE124002C1AE9 /* LineFooter.swift in Sources */,
				5A0941982A5D02B3005AEECF /* RegisterSucessView.swift in Sources */,
				5A5B90482A652AC00049E853 /* CreateRecipeView.swift in Sources */,
				5A0244D52A52A6DC00AA418E /* SplashViewController.swift in Sources */,
				5A914ADE2A5407230020BA71 /* ColdRefrigeratorView.swift in Sources */,
				5A5B90512A653BA60049E853 /* CookSettingCell.swift in Sources */,
				5A4970832A662DCC005725F8 /* CreateRecipeFooter.swift in Sources */,
				5ACD7BBD2A57DADD00571259 /* CommunityViewController.swift in Sources */,
				16C19E482A6A33F9007F5F0C /* CookStepHeaderView.swift in Sources */,
				5AFE49C52A5BC352000B9A95 /* BaseStartingView.swift in Sources */,
				16CE3E602A77796600102F27 /* PhotoReviewCell.swift in Sources */,
				169968C92A6F57B50074DB43 /* ReviewCell.swift in Sources */,
				5AB4A5DE2A55099C0095CD2B /* IngredientRegistrationViewController.swift in Sources */,
				5A0244E22A52A7E200AA418E /* RegisterCoordinator.swift in Sources */,
			);
			runOnlyForDeploymentPostprocessing = 0;
		};
		5A0244A02A529AA400AA418E /* Sources */ = {
			isa = PBXSourcesBuildPhase;
			buildActionMask = 2147483647;
			files = (
				5A0244A92A529AA400AA418E /* RecipeTests.swift in Sources */,
			);
			runOnlyForDeploymentPostprocessing = 0;
		};
		5A0244AA2A529AA400AA418E /* Sources */ = {
			isa = PBXSourcesBuildPhase;
			buildActionMask = 2147483647;
			files = (
				5A0244B52A529AA400AA418E /* RecipeUITestsLaunchTests.swift in Sources */,
				5A0244B32A529AA400AA418E /* RecipeUITests.swift in Sources */,
			);
			runOnlyForDeploymentPostprocessing = 0;
		};
/* End PBXSourcesBuildPhase section */

/* Begin PBXTargetDependency section */
		5A0244A62A529AA400AA418E /* PBXTargetDependency */ = {
			isa = PBXTargetDependency;
			target = 5A02448A2A529AA300AA418E /* Recipe */;
			targetProxy = 5A0244A52A529AA400AA418E /* PBXContainerItemProxy */;
		};
		5A0244B02A529AA400AA418E /* PBXTargetDependency */ = {
			isa = PBXTargetDependency;
			target = 5A02448A2A529AA300AA418E /* Recipe */;
			targetProxy = 5A0244AF2A529AA400AA418E /* PBXContainerItemProxy */;
		};
/* End PBXTargetDependency section */

/* Begin PBXVariantGroup section */
		5A02449C2A529AA400AA418E /* LaunchScreen.storyboard */ = {
			isa = PBXVariantGroup;
			children = (
				5A02449D2A529AA400AA418E /* Base */,
			);
			name = LaunchScreen.storyboard;
			sourceTree = "<group>";
		};
/* End PBXVariantGroup section */

/* Begin XCBuildConfiguration section */
		5A0244B62A529AA400AA418E /* Debug */ = {
			isa = XCBuildConfiguration;
			baseConfigurationReference = 5A805C5A2A5D247700C81D86 /* Key.xcconfig */;
			buildSettings = {
				ALWAYS_SEARCH_USER_PATHS = NO;
				CLANG_ANALYZER_NONNULL = YES;
				CLANG_ANALYZER_NUMBER_OBJECT_CONVERSION = YES_AGGRESSIVE;
				CLANG_CXX_LANGUAGE_STANDARD = "gnu++20";
				CLANG_ENABLE_MODULES = YES;
				CLANG_ENABLE_OBJC_ARC = YES;
				CLANG_ENABLE_OBJC_WEAK = YES;
				CLANG_WARN_BLOCK_CAPTURE_AUTORELEASING = YES;
				CLANG_WARN_BOOL_CONVERSION = YES;
				CLANG_WARN_COMMA = YES;
				CLANG_WARN_CONSTANT_CONVERSION = YES;
				CLANG_WARN_DEPRECATED_OBJC_IMPLEMENTATIONS = YES;
				CLANG_WARN_DIRECT_OBJC_ISA_USAGE = YES_ERROR;
				CLANG_WARN_DOCUMENTATION_COMMENTS = YES;
				CLANG_WARN_EMPTY_BODY = YES;
				CLANG_WARN_ENUM_CONVERSION = YES;
				CLANG_WARN_INFINITE_RECURSION = YES;
				CLANG_WARN_INT_CONVERSION = YES;
				CLANG_WARN_NON_LITERAL_NULL_CONVERSION = YES;
				CLANG_WARN_OBJC_IMPLICIT_RETAIN_SELF = YES;
				CLANG_WARN_OBJC_LITERAL_CONVERSION = YES;
				CLANG_WARN_OBJC_ROOT_CLASS = YES_ERROR;
				CLANG_WARN_QUOTED_INCLUDE_IN_FRAMEWORK_HEADER = YES;
				CLANG_WARN_RANGE_LOOP_ANALYSIS = YES;
				CLANG_WARN_STRICT_PROTOTYPES = YES;
				CLANG_WARN_SUSPICIOUS_MOVE = YES;
				CLANG_WARN_UNGUARDED_AVAILABILITY = YES_AGGRESSIVE;
				CLANG_WARN_UNREACHABLE_CODE = YES;
				CLANG_WARN__DUPLICATE_METHOD_MATCH = YES;
				COPY_PHASE_STRIP = NO;
				DEBUG_INFORMATION_FORMAT = dwarf;
				ENABLE_STRICT_OBJC_MSGSEND = YES;
				ENABLE_TESTABILITY = YES;
				GCC_C_LANGUAGE_STANDARD = gnu11;
				GCC_DYNAMIC_NO_PIC = NO;
				GCC_NO_COMMON_BLOCKS = YES;
				GCC_OPTIMIZATION_LEVEL = 0;
				GCC_PREPROCESSOR_DEFINITIONS = (
					"DEBUG=1",
					"$(inherited)",
				);
				GCC_WARN_64_TO_32_BIT_CONVERSION = YES;
				GCC_WARN_ABOUT_RETURN_TYPE = YES_ERROR;
				GCC_WARN_UNDECLARED_SELECTOR = YES;
				GCC_WARN_UNINITIALIZED_AUTOS = YES_AGGRESSIVE;
				GCC_WARN_UNUSED_FUNCTION = YES;
				GCC_WARN_UNUSED_VARIABLE = YES;
				IPHONEOS_DEPLOYMENT_TARGET = 14.0;
				MTL_ENABLE_DEBUG_INFO = INCLUDE_SOURCE;
				MTL_FAST_MATH = YES;
				ONLY_ACTIVE_ARCH = YES;
				SDKROOT = iphoneos;
				SWIFT_ACTIVE_COMPILATION_CONDITIONS = DEBUG;
				SWIFT_OPTIMIZATION_LEVEL = "-Onone";
			};
			name = Debug;
		};
		5A0244B72A529AA400AA418E /* Release */ = {
			isa = XCBuildConfiguration;
			baseConfigurationReference = 5A805C5A2A5D247700C81D86 /* Key.xcconfig */;
			buildSettings = {
				ALWAYS_SEARCH_USER_PATHS = NO;
				CLANG_ANALYZER_NONNULL = YES;
				CLANG_ANALYZER_NUMBER_OBJECT_CONVERSION = YES_AGGRESSIVE;
				CLANG_CXX_LANGUAGE_STANDARD = "gnu++20";
				CLANG_ENABLE_MODULES = YES;
				CLANG_ENABLE_OBJC_ARC = YES;
				CLANG_ENABLE_OBJC_WEAK = YES;
				CLANG_WARN_BLOCK_CAPTURE_AUTORELEASING = YES;
				CLANG_WARN_BOOL_CONVERSION = YES;
				CLANG_WARN_COMMA = YES;
				CLANG_WARN_CONSTANT_CONVERSION = YES;
				CLANG_WARN_DEPRECATED_OBJC_IMPLEMENTATIONS = YES;
				CLANG_WARN_DIRECT_OBJC_ISA_USAGE = YES_ERROR;
				CLANG_WARN_DOCUMENTATION_COMMENTS = YES;
				CLANG_WARN_EMPTY_BODY = YES;
				CLANG_WARN_ENUM_CONVERSION = YES;
				CLANG_WARN_INFINITE_RECURSION = YES;
				CLANG_WARN_INT_CONVERSION = YES;
				CLANG_WARN_NON_LITERAL_NULL_CONVERSION = YES;
				CLANG_WARN_OBJC_IMPLICIT_RETAIN_SELF = YES;
				CLANG_WARN_OBJC_LITERAL_CONVERSION = YES;
				CLANG_WARN_OBJC_ROOT_CLASS = YES_ERROR;
				CLANG_WARN_QUOTED_INCLUDE_IN_FRAMEWORK_HEADER = YES;
				CLANG_WARN_RANGE_LOOP_ANALYSIS = YES;
				CLANG_WARN_STRICT_PROTOTYPES = YES;
				CLANG_WARN_SUSPICIOUS_MOVE = YES;
				CLANG_WARN_UNGUARDED_AVAILABILITY = YES_AGGRESSIVE;
				CLANG_WARN_UNREACHABLE_CODE = YES;
				CLANG_WARN__DUPLICATE_METHOD_MATCH = YES;
				COPY_PHASE_STRIP = NO;
				DEBUG_INFORMATION_FORMAT = "dwarf-with-dsym";
				ENABLE_NS_ASSERTIONS = NO;
				ENABLE_STRICT_OBJC_MSGSEND = YES;
				GCC_C_LANGUAGE_STANDARD = gnu11;
				GCC_NO_COMMON_BLOCKS = YES;
				GCC_WARN_64_TO_32_BIT_CONVERSION = YES;
				GCC_WARN_ABOUT_RETURN_TYPE = YES_ERROR;
				GCC_WARN_UNDECLARED_SELECTOR = YES;
				GCC_WARN_UNINITIALIZED_AUTOS = YES_AGGRESSIVE;
				GCC_WARN_UNUSED_FUNCTION = YES;
				GCC_WARN_UNUSED_VARIABLE = YES;
				IPHONEOS_DEPLOYMENT_TARGET = 14.0;
				MTL_ENABLE_DEBUG_INFO = NO;
				MTL_FAST_MATH = YES;
				SDKROOT = iphoneos;
				SWIFT_COMPILATION_MODE = wholemodule;
				SWIFT_OPTIMIZATION_LEVEL = "-O";
				VALIDATE_PRODUCT = YES;
			};
			name = Release;
		};
		5A0244B92A529AA400AA418E /* Debug */ = {
			isa = XCBuildConfiguration;
			baseConfigurationReference = B4563E7FE258A2DCD5F58EC8 /* Pods-Recipe.debug.xcconfig */;
			buildSettings = {
				ASSETCATALOG_COMPILER_APPICON_NAME = AppIcon;
				ASSETCATALOG_COMPILER_GLOBAL_ACCENT_COLOR_NAME = AccentColor;
				CODE_SIGN_ENTITLEMENTS = Recipe/Recipe.entitlements;
				CODE_SIGN_STYLE = Automatic;
				CURRENT_PROJECT_VERSION = 1;
				DEVELOPMENT_TEAM = 69AX92X75M;
				GENERATE_INFOPLIST_FILE = YES;
				INFOPLIST_FILE = "Recipe/Supporting Files/Info.plist";
				INFOPLIST_KEY_NSPhotoLibraryAddUsageDescription = "레시피 등록에 사용하기 위해 사용자의 앨범에 접근합니다.";
				INFOPLIST_KEY_UIApplicationSupportsIndirectInputEvents = YES;
				INFOPLIST_KEY_UILaunchStoryboardName = LaunchScreen;
				INFOPLIST_KEY_UISupportedInterfaceOrientations_iPad = "UIInterfaceOrientationPortrait UIInterfaceOrientationPortraitUpsideDown UIInterfaceOrientationLandscapeLeft UIInterfaceOrientationLandscapeRight";
				INFOPLIST_KEY_UISupportedInterfaceOrientations_iPhone = "UIInterfaceOrientationPortrait UIInterfaceOrientationLandscapeLeft UIInterfaceOrientationLandscapeRight";
				IPHONEOS_DEPLOYMENT_TARGET = 14.0;
				LD_RUNPATH_SEARCH_PATHS = (
					"$(inherited)",
					"@executable_path/Frameworks",
				);
				MARKETING_VERSION = 1.0;
				PRODUCT_BUNDLE_IDENTIFIER = com.cmc.recipe;
				PRODUCT_NAME = "$(TARGET_NAME)";
				SWIFT_EMIT_LOC_STRINGS = YES;
				SWIFT_VERSION = 5.0;
				TARGETED_DEVICE_FAMILY = "1,2";
			};
			name = Debug;
		};
		5A0244BA2A529AA400AA418E /* Release */ = {
			isa = XCBuildConfiguration;
			baseConfigurationReference = 1F2FD8D18D32ADE96A905161 /* Pods-Recipe.release.xcconfig */;
			buildSettings = {
				ASSETCATALOG_COMPILER_APPICON_NAME = AppIcon;
				ASSETCATALOG_COMPILER_GLOBAL_ACCENT_COLOR_NAME = AccentColor;
				CODE_SIGN_ENTITLEMENTS = Recipe/Recipe.entitlements;
				CODE_SIGN_STYLE = Automatic;
				CURRENT_PROJECT_VERSION = 1;
				DEVELOPMENT_TEAM = 69AX92X75M;
				GENERATE_INFOPLIST_FILE = YES;
				INFOPLIST_FILE = "Recipe/Supporting Files/Info.plist";
				INFOPLIST_KEY_NSPhotoLibraryAddUsageDescription = "레시피 등록에 사용하기 위해 사용자의 앨범에 접근합니다.";
				INFOPLIST_KEY_UIApplicationSupportsIndirectInputEvents = YES;
				INFOPLIST_KEY_UILaunchStoryboardName = LaunchScreen;
				INFOPLIST_KEY_UISupportedInterfaceOrientations_iPad = "UIInterfaceOrientationPortrait UIInterfaceOrientationPortraitUpsideDown UIInterfaceOrientationLandscapeLeft UIInterfaceOrientationLandscapeRight";
				INFOPLIST_KEY_UISupportedInterfaceOrientations_iPhone = "UIInterfaceOrientationPortrait UIInterfaceOrientationLandscapeLeft UIInterfaceOrientationLandscapeRight";
				IPHONEOS_DEPLOYMENT_TARGET = 14.0;
				LD_RUNPATH_SEARCH_PATHS = (
					"$(inherited)",
					"@executable_path/Frameworks",
				);
				MARKETING_VERSION = 1.0;
				PRODUCT_BUNDLE_IDENTIFIER = com.cmc.recipe;
				PRODUCT_NAME = "$(TARGET_NAME)";
				SWIFT_EMIT_LOC_STRINGS = YES;
				SWIFT_VERSION = 5.0;
				TARGETED_DEVICE_FAMILY = "1,2";
			};
			name = Release;
		};
		5A0244BC2A529AA400AA418E /* Debug */ = {
			isa = XCBuildConfiguration;
			baseConfigurationReference = 424F2F41243C03197AE3BEC6 /* Pods-RecipeTests.debug.xcconfig */;
			buildSettings = {
				ALWAYS_EMBED_SWIFT_STANDARD_LIBRARIES = YES;
				BUNDLE_LOADER = "$(TEST_HOST)";
				CODE_SIGN_STYLE = Automatic;
				CURRENT_PROJECT_VERSION = 1;
				DEVELOPMENT_TEAM = VM723259SL;
				GENERATE_INFOPLIST_FILE = YES;
				IPHONEOS_DEPLOYMENT_TARGET = 16.4;
				MARKETING_VERSION = 1.0;
				PRODUCT_BUNDLE_IDENTIFIER = com.recipe.RecipeTests;
				PRODUCT_NAME = "$(TARGET_NAME)";
				SWIFT_EMIT_LOC_STRINGS = NO;
				SWIFT_VERSION = 5.0;
				TARGETED_DEVICE_FAMILY = "1,2";
				TEST_HOST = "$(BUILT_PRODUCTS_DIR)/Recipe.app/$(BUNDLE_EXECUTABLE_FOLDER_PATH)/Recipe";
			};
			name = Debug;
		};
		5A0244BD2A529AA400AA418E /* Release */ = {
			isa = XCBuildConfiguration;
			baseConfigurationReference = DF24270AD89DC117D4A60AF1 /* Pods-RecipeTests.release.xcconfig */;
			buildSettings = {
				ALWAYS_EMBED_SWIFT_STANDARD_LIBRARIES = YES;
				BUNDLE_LOADER = "$(TEST_HOST)";
				CODE_SIGN_STYLE = Automatic;
				CURRENT_PROJECT_VERSION = 1;
				DEVELOPMENT_TEAM = VM723259SL;
				GENERATE_INFOPLIST_FILE = YES;
				IPHONEOS_DEPLOYMENT_TARGET = 16.4;
				MARKETING_VERSION = 1.0;
				PRODUCT_BUNDLE_IDENTIFIER = com.recipe.RecipeTests;
				PRODUCT_NAME = "$(TARGET_NAME)";
				SWIFT_EMIT_LOC_STRINGS = NO;
				SWIFT_VERSION = 5.0;
				TARGETED_DEVICE_FAMILY = "1,2";
				TEST_HOST = "$(BUILT_PRODUCTS_DIR)/Recipe.app/$(BUNDLE_EXECUTABLE_FOLDER_PATH)/Recipe";
			};
			name = Release;
		};
		5A0244BF2A529AA400AA418E /* Debug */ = {
			isa = XCBuildConfiguration;
			baseConfigurationReference = 4591FF47733CABFBD552F151 /* Pods-Recipe-RecipeUITests.debug.xcconfig */;
			buildSettings = {
				ALWAYS_EMBED_SWIFT_STANDARD_LIBRARIES = YES;
				CODE_SIGN_STYLE = Automatic;
				CURRENT_PROJECT_VERSION = 1;
				DEVELOPMENT_TEAM = VM723259SL;
				GENERATE_INFOPLIST_FILE = YES;
				MARKETING_VERSION = 1.0;
				PRODUCT_BUNDLE_IDENTIFIER = com.recipe.RecipeUITests;
				PRODUCT_NAME = "$(TARGET_NAME)";
				SWIFT_EMIT_LOC_STRINGS = NO;
				SWIFT_VERSION = 5.0;
				TARGETED_DEVICE_FAMILY = "1,2";
				TEST_TARGET_NAME = Recipe;
			};
			name = Debug;
		};
		5A0244C02A529AA400AA418E /* Release */ = {
			isa = XCBuildConfiguration;
			baseConfigurationReference = A8CE900025B9359CF850D014 /* Pods-Recipe-RecipeUITests.release.xcconfig */;
			buildSettings = {
				ALWAYS_EMBED_SWIFT_STANDARD_LIBRARIES = YES;
				CODE_SIGN_STYLE = Automatic;
				CURRENT_PROJECT_VERSION = 1;
				DEVELOPMENT_TEAM = VM723259SL;
				GENERATE_INFOPLIST_FILE = YES;
				MARKETING_VERSION = 1.0;
				PRODUCT_BUNDLE_IDENTIFIER = com.recipe.RecipeUITests;
				PRODUCT_NAME = "$(TARGET_NAME)";
				SWIFT_EMIT_LOC_STRINGS = NO;
				SWIFT_VERSION = 5.0;
				TARGETED_DEVICE_FAMILY = "1,2";
				TEST_TARGET_NAME = Recipe;
			};
			name = Release;
		};
/* End XCBuildConfiguration section */

/* Begin XCConfigurationList section */
		5A0244862A529AA300AA418E /* Build configuration list for PBXProject "Recipe" */ = {
			isa = XCConfigurationList;
			buildConfigurations = (
				5A0244B62A529AA400AA418E /* Debug */,
				5A0244B72A529AA400AA418E /* Release */,
			);
			defaultConfigurationIsVisible = 0;
			defaultConfigurationName = Release;
		};
		5A0244B82A529AA400AA418E /* Build configuration list for PBXNativeTarget "Recipe" */ = {
			isa = XCConfigurationList;
			buildConfigurations = (
				5A0244B92A529AA400AA418E /* Debug */,
				5A0244BA2A529AA400AA418E /* Release */,
			);
			defaultConfigurationIsVisible = 0;
			defaultConfigurationName = Release;
		};
		5A0244BB2A529AA400AA418E /* Build configuration list for PBXNativeTarget "RecipeTests" */ = {
			isa = XCConfigurationList;
			buildConfigurations = (
				5A0244BC2A529AA400AA418E /* Debug */,
				5A0244BD2A529AA400AA418E /* Release */,
			);
			defaultConfigurationIsVisible = 0;
			defaultConfigurationName = Release;
		};
		5A0244BE2A529AA400AA418E /* Build configuration list for PBXNativeTarget "RecipeUITests" */ = {
			isa = XCConfigurationList;
			buildConfigurations = (
				5A0244BF2A529AA400AA418E /* Debug */,
				5A0244C02A529AA400AA418E /* Release */,
			);
			defaultConfigurationIsVisible = 0;
			defaultConfigurationName = Release;
		};
/* End XCConfigurationList section */

/* Begin XCVersionGroup section */
		5A0244972A529AA300AA418E /* Recipe.xcdatamodeld */ = {
			isa = XCVersionGroup;
			children = (
				5A0244982A529AA300AA418E /* Recipe.xcdatamodel */,
			);
			currentVersion = 5A0244982A529AA300AA418E /* Recipe.xcdatamodel */;
			path = Recipe.xcdatamodeld;
			sourceTree = "<group>";
			versionGroupType = wrapper.xcdatamodel;
		};
/* End XCVersionGroup section */
	};
	rootObject = 5A0244832A529AA300AA418E /* Project object */;
}
